// !$*UTF8*$!
{
	archiveVersion = 1;
	classes = {
	};
	objectVersion = 46;
	objects = {

/* Begin PBXBuildFile section */
		925AE7B315C430F2008840D9 /* UIKit.framework in Frameworks */ = {isa = PBXBuildFile; fileRef = 925AE7AC15C430F2008840D9 /* UIKit.framework */; };
		925AE7B415C430F2008840D9 /* Foundation.framework in Frameworks */ = {isa = PBXBuildFile; fileRef = 925AE7AD15C430F2008840D9 /* Foundation.framework */; };
		925AE7B515C430F2008840D9 /* CoreGraphics.framework in Frameworks */ = {isa = PBXBuildFile; fileRef = 925AE7AE15C430F2008840D9 /* CoreGraphics.framework */; };
		925AE7B615C430F2008840D9 /* CoreLocation.framework in Frameworks */ = {isa = PBXBuildFile; fileRef = 925AE7AF15C430F2008840D9 /* CoreLocation.framework */; };
		925AE7B715C430F2008840D9 /* MapKit.framework in Frameworks */ = {isa = PBXBuildFile; fileRef = 925AE7B015C430F2008840D9 /* MapKit.framework */; };
		925AE7B815C430F2008840D9 /* CoreData.framework in Frameworks */ = {isa = PBXBuildFile; fileRef = 925AE7B115C430F2008840D9 /* CoreData.framework */; };
		925AE7B915C430F2008840D9 /* Security.framework in Frameworks */ = {isa = PBXBuildFile; fileRef = 925AE7B215C430F2008840D9 /* Security.framework */; };
		925AE7EB15C43212008840D9 /* Common.framework in Frameworks */ = {isa = PBXBuildFile; fileRef = 925AE7C315C43212008840D9 /* Common.framework */; };
		925AE7EC15C43212008840D9 /* ContextCore.framework in Frameworks */ = {isa = PBXBuildFile; fileRef = 925AE7C615C43212008840D9 /* ContextCore.framework */; };
		925AE7F815C43212008840D9 /* ContextLocation.framework in Frameworks */ = {isa = PBXBuildFile; fileRef = 925AE7D615C43212008840D9 /* ContextLocation.framework */; };
		925AE7F915C43213008840D9 /* ContentModel.mom in Resources */ = {isa = PBXBuildFile; fileRef = 925AE7D915C43212008840D9 /* ContentModel.mom */; };
		925AE7FA15C43213008840D9 /* ContentModel.omo in Resources */ = {isa = PBXBuildFile; fileRef = 925AE7DA15C43212008840D9 /* ContentModel.omo */; };
		925AE7FB15C43213008840D9 /* VersionInfo.plist in Resources */ = {isa = PBXBuildFile; fileRef = 925AE7DB15C43212008840D9 /* VersionInfo.plist */; };
		925AE7FC15C43213008840D9 /* PlaceOfRelevanceModel.mom in Resources */ = {isa = PBXBuildFile; fileRef = 925AE7DD15C43212008840D9 /* PlaceOfRelevanceModel.mom */; };
		925AE7FD15C43213008840D9 /* PlaceOfRelevanceModel.omo in Resources */ = {isa = PBXBuildFile; fileRef = 925AE7DE15C43212008840D9 /* PlaceOfRelevanceModel.omo */; };
		925AE7FE15C43213008840D9 /* VersionInfo.plist in Resources */ = {isa = PBXBuildFile; fileRef = 925AE7DF15C43212008840D9 /* VersionInfo.plist */; };
		925AE7FF15C43213008840D9 /* Repository.mom in Resources */ = {isa = PBXBuildFile; fileRef = 925AE7E115C43212008840D9 /* Repository.mom */; };
		925AE80015C43213008840D9 /* Repository.omo in Resources */ = {isa = PBXBuildFile; fileRef = 925AE7E215C43212008840D9 /* Repository.omo */; };
		925AE80115C43213008840D9 /* VersionInfo.plist in Resources */ = {isa = PBXBuildFile; fileRef = 925AE7E315C43212008840D9 /* VersionInfo.plist */; };
		925AE80215C43213008840D9 /* ContextProfiling.framework in Frameworks */ = {isa = PBXBuildFile; fileRef = 925AE7E515C43212008840D9 /* ContextProfiling.framework */; };
		925AE80315C43213008840D9 /* rules.txt in Resources */ = {isa = PBXBuildFile; fileRef = 925AE7E715C43212008840D9 /* rules.txt */; };
		925AE80415C43213008840D9 /* NetworkServices.framework in Frameworks */ = {isa = PBXBuildFile; fileRef = 925AE7E915C43212008840D9 /* NetworkServices.framework */; };
		925AE80615C43244008840D9 /* UserContext.plist in Resources */ = {isa = PBXBuildFile; fileRef = 925AE80515C43244008840D9 /* UserContext.plist */; };
		925AE80C15C43F7D008840D9 /* MapKit.framework in Frameworks */ = {isa = PBXBuildFile; fileRef = 925AE80B15C43F7D008840D9 /* MapKit.framework */; };
		925AE83C15C44018008840D9 /* ViewController.m in Sources */ = {isa = PBXBuildFile; fileRef = 925AE83A15C44018008840D9 /* ViewController.m */; };
		925AE83D15C44018008840D9 /* ViewController.xib in Resources */ = {isa = PBXBuildFile; fileRef = 925AE83B15C44018008840D9 /* ViewController.xib */; };
		92F0038715C46A7D00BE46C5 /* DataModel.m in Sources */ = {isa = PBXBuildFile; fileRef = 92F0038615C46A7D00BE46C5 /* DataModel.m */; };
		92FBED5315C3A85F000D1AE3 /* InfoPlist.strings in Resources */ = {isa = PBXBuildFile; fileRef = 92FBED5115C3A85F000D1AE3 /* InfoPlist.strings */; };
		92FBED5515C3A85F000D1AE3 /* main.m in Sources */ = {isa = PBXBuildFile; fileRef = 92FBED5415C3A85F000D1AE3 /* main.m */; };
		92FBED5915C3A85F000D1AE3 /* AppDelegate.m in Sources */ = {isa = PBXBuildFile; fileRef = 92FBED5815C3A85F000D1AE3 /* AppDelegate.m */; };
		92FBED6B15C3A85F000D1AE3 /* InfoPlist.strings in Resources */ = {isa = PBXBuildFile; fileRef = 92FBED6915C3A85F000D1AE3 /* InfoPlist.strings */; };
		92FBED6E15C3A85F000D1AE3 /* LikeMindedPeopleTests.m in Sources */ = {isa = PBXBuildFile; fileRef = 92FBED6D15C3A85F000D1AE3 /* LikeMindedPeopleTests.m */; };
/* End PBXBuildFile section */

/* Begin PBXContainerItemProxy section */
		92FBED6415C3A85F000D1AE3 /* PBXContainerItemProxy */ = {
			isa = PBXContainerItemProxy;
			containerPortal = 92FBED3B15C3A85F000D1AE3 /* Project object */;
			proxyType = 1;
			remoteGlobalIDString = 92FBED4315C3A85F000D1AE3;
			remoteInfo = LikeMindedPeople;
		};
/* End PBXContainerItemProxy section */

/* Begin PBXFileReference section */
		925AE7AC15C430F2008840D9 /* UIKit.framework */ = {isa = PBXFileReference; lastKnownFileType = wrapper.framework; name = UIKit.framework; path = System/Library/Frameworks/UIKit.framework; sourceTree = SDKROOT; };
		925AE7AD15C430F2008840D9 /* Foundation.framework */ = {isa = PBXFileReference; lastKnownFileType = wrapper.framework; name = Foundation.framework; path = System/Library/Frameworks/Foundation.framework; sourceTree = SDKROOT; };
		925AE7AE15C430F2008840D9 /* CoreGraphics.framework */ = {isa = PBXFileReference; lastKnownFileType = wrapper.framework; name = CoreGraphics.framework; path = System/Library/Frameworks/CoreGraphics.framework; sourceTree = SDKROOT; };
		925AE7AF15C430F2008840D9 /* CoreLocation.framework */ = {isa = PBXFileReference; lastKnownFileType = wrapper.framework; name = CoreLocation.framework; path = System/Library/Frameworks/CoreLocation.framework; sourceTree = SDKROOT; };
		925AE7B015C430F2008840D9 /* MapKit.framework */ = {isa = PBXFileReference; lastKnownFileType = wrapper.framework; name = MapKit.framework; path = System/Library/Frameworks/MapKit.framework; sourceTree = SDKROOT; };
		925AE7B115C430F2008840D9 /* CoreData.framework */ = {isa = PBXFileReference; lastKnownFileType = wrapper.framework; name = CoreData.framework; path = System/Library/Frameworks/CoreData.framework; sourceTree = SDKROOT; };
		925AE7B215C430F2008840D9 /* Security.framework */ = {isa = PBXFileReference; lastKnownFileType = wrapper.framework; name = Security.framework; path = System/Library/Frameworks/Security.framework; sourceTree = SDKROOT; };
		925AE7C315C43212008840D9 /* Common.framework */ = {isa = PBXFileReference; lastKnownFileType = wrapper.framework; path = Common.framework; sourceTree = "<group>"; };
		925AE7C615C43212008840D9 /* ContextCore.framework */ = {isa = PBXFileReference; lastKnownFileType = wrapper.framework; path = ContextCore.framework; sourceTree = "<group>"; };
		925AE7D615C43212008840D9 /* ContextLocation.framework */ = {isa = PBXFileReference; lastKnownFileType = wrapper.framework; path = ContextLocation.framework; sourceTree = "<group>"; };
		925AE7D915C43212008840D9 /* ContentModel.mom */ = {isa = PBXFileReference; lastKnownFileType = file.bplist; path = ContentModel.mom; sourceTree = "<group>"; };
		925AE7DA15C43212008840D9 /* ContentModel.omo */ = {isa = PBXFileReference; lastKnownFileType = file; path = ContentModel.omo; sourceTree = "<group>"; };
		925AE7DB15C43212008840D9 /* VersionInfo.plist */ = {isa = PBXFileReference; fileEncoding = 4; lastKnownFileType = text.plist.xml; path = VersionInfo.plist; sourceTree = "<group>"; };
		925AE7DD15C43212008840D9 /* PlaceOfRelevanceModel.mom */ = {isa = PBXFileReference; lastKnownFileType = file.bplist; path = PlaceOfRelevanceModel.mom; sourceTree = "<group>"; };
		925AE7DE15C43212008840D9 /* PlaceOfRelevanceModel.omo */ = {isa = PBXFileReference; lastKnownFileType = file; path = PlaceOfRelevanceModel.omo; sourceTree = "<group>"; };
		925AE7DF15C43212008840D9 /* VersionInfo.plist */ = {isa = PBXFileReference; fileEncoding = 4; lastKnownFileType = text.plist.xml; path = VersionInfo.plist; sourceTree = "<group>"; };
		925AE7E115C43212008840D9 /* Repository.mom */ = {isa = PBXFileReference; lastKnownFileType = file.bplist; path = Repository.mom; sourceTree = "<group>"; };
		925AE7E215C43212008840D9 /* Repository.omo */ = {isa = PBXFileReference; lastKnownFileType = file; path = Repository.omo; sourceTree = "<group>"; };
		925AE7E315C43212008840D9 /* VersionInfo.plist */ = {isa = PBXFileReference; fileEncoding = 4; lastKnownFileType = text.plist.xml; path = VersionInfo.plist; sourceTree = "<group>"; };
		925AE7E515C43212008840D9 /* ContextProfiling.framework */ = {isa = PBXFileReference; lastKnownFileType = wrapper.framework; path = ContextProfiling.framework; sourceTree = "<group>"; };
		925AE7E715C43212008840D9 /* rules.txt */ = {isa = PBXFileReference; fileEncoding = 4; lastKnownFileType = text; path = rules.txt; sourceTree = "<group>"; };
		925AE7E915C43212008840D9 /* NetworkServices.framework */ = {isa = PBXFileReference; lastKnownFileType = wrapper.framework; path = NetworkServices.framework; sourceTree = "<group>"; };
		925AE80515C43244008840D9 /* UserContext.plist */ = {isa = PBXFileReference; fileEncoding = 4; lastKnownFileType = text.plist.xml; path = UserContext.plist; sourceTree = "<group>"; };
		925AE80B15C43F7D008840D9 /* MapKit.framework */ = {isa = PBXFileReference; lastKnownFileType = wrapper.framework; name = MapKit.framework; path = System/Library/Frameworks/MapKit.framework; sourceTree = SDKROOT; };
		925AE83915C44018008840D9 /* ViewController.h */ = {isa = PBXFileReference; fileEncoding = 4; lastKnownFileType = sourcecode.c.h; path = ViewController.h; sourceTree = "<group>"; };
		925AE83A15C44018008840D9 /* ViewController.m */ = {isa = PBXFileReference; fileEncoding = 4; lastKnownFileType = sourcecode.c.objc; path = ViewController.m; sourceTree = "<group>"; };
		925AE83B15C44018008840D9 /* ViewController.xib */ = {isa = PBXFileReference; fileEncoding = 4; lastKnownFileType = file.xib; path = ViewController.xib; sourceTree = "<group>"; };
		92F0038515C46A7D00BE46C5 /* DataModel.h */ = {isa = PBXFileReference; fileEncoding = 4; lastKnownFileType = sourcecode.c.h; path = DataModel.h; sourceTree = "<group>"; };
		92F0038615C46A7D00BE46C5 /* DataModel.m */ = {isa = PBXFileReference; fileEncoding = 4; lastKnownFileType = sourcecode.c.objc; path = DataModel.m; sourceTree = "<group>"; };
		92FBED4415C3A85F000D1AE3 /* LikeMindedPeople.app */ = {isa = PBXFileReference; explicitFileType = wrapper.application; includeInIndex = 0; path = LikeMindedPeople.app; sourceTree = BUILT_PRODUCTS_DIR; };
		92FBED5015C3A85F000D1AE3 /* LikeMindedPeople-Info.plist */ = {isa = PBXFileReference; lastKnownFileType = text.plist.xml; path = "LikeMindedPeople-Info.plist"; sourceTree = "<group>"; };
		92FBED5215C3A85F000D1AE3 /* en */ = {isa = PBXFileReference; lastKnownFileType = text.plist.strings; name = en; path = en.lproj/InfoPlist.strings; sourceTree = "<group>"; };
		92FBED5415C3A85F000D1AE3 /* main.m */ = {isa = PBXFileReference; lastKnownFileType = sourcecode.c.objc; path = main.m; sourceTree = "<group>"; };
		92FBED5615C3A85F000D1AE3 /* LikeMindedPeople-Prefix.pch */ = {isa = PBXFileReference; lastKnownFileType = sourcecode.c.h; path = "LikeMindedPeople-Prefix.pch"; sourceTree = "<group>"; };
		92FBED5715C3A85F000D1AE3 /* AppDelegate.h */ = {isa = PBXFileReference; lastKnownFileType = sourcecode.c.h; path = AppDelegate.h; sourceTree = "<group>"; };
		92FBED5815C3A85F000D1AE3 /* AppDelegate.m */ = {isa = PBXFileReference; lastKnownFileType = sourcecode.c.objc; path = AppDelegate.m; sourceTree = "<group>"; };
		92FBED5F15C3A85F000D1AE3 /* LikeMindedPeopleTests.octest */ = {isa = PBXFileReference; explicitFileType = wrapper.cfbundle; includeInIndex = 0; path = LikeMindedPeopleTests.octest; sourceTree = BUILT_PRODUCTS_DIR; };
		92FBED6815C3A85F000D1AE3 /* LikeMindedPeopleTests-Info.plist */ = {isa = PBXFileReference; lastKnownFileType = text.plist.xml; path = "LikeMindedPeopleTests-Info.plist"; sourceTree = "<group>"; };
		92FBED6A15C3A85F000D1AE3 /* en */ = {isa = PBXFileReference; lastKnownFileType = text.plist.strings; name = en; path = en.lproj/InfoPlist.strings; sourceTree = "<group>"; };
		92FBED6C15C3A85F000D1AE3 /* LikeMindedPeopleTests.h */ = {isa = PBXFileReference; lastKnownFileType = sourcecode.c.h; path = LikeMindedPeopleTests.h; sourceTree = "<group>"; };
		92FBED6D15C3A85F000D1AE3 /* LikeMindedPeopleTests.m */ = {isa = PBXFileReference; lastKnownFileType = sourcecode.c.objc; path = LikeMindedPeopleTests.m; sourceTree = "<group>"; };
/* End PBXFileReference section */

/* Begin PBXFrameworksBuildPhase section */
		92FBED4115C3A85F000D1AE3 /* Frameworks */ = {
			isa = PBXFrameworksBuildPhase;
			buildActionMask = 2147483647;
			files = (
				925AE7B315C430F2008840D9 /* UIKit.framework in Frameworks */,
				925AE7B415C430F2008840D9 /* Foundation.framework in Frameworks */,
				925AE7B515C430F2008840D9 /* CoreGraphics.framework in Frameworks */,
				925AE7B615C430F2008840D9 /* CoreLocation.framework in Frameworks */,
				925AE7B715C430F2008840D9 /* MapKit.framework in Frameworks */,
				925AE7B815C430F2008840D9 /* CoreData.framework in Frameworks */,
				925AE7B915C430F2008840D9 /* Security.framework in Frameworks */,
				925AE7EB15C43212008840D9 /* Common.framework in Frameworks */,
				925AE7EC15C43212008840D9 /* ContextCore.framework in Frameworks */,
				925AE7F815C43212008840D9 /* ContextLocation.framework in Frameworks */,
				925AE80215C43213008840D9 /* ContextProfiling.framework in Frameworks */,
				925AE80415C43213008840D9 /* NetworkServices.framework in Frameworks */,
				925AE80C15C43F7D008840D9 /* MapKit.framework in Frameworks */,
			);
			runOnlyForDeploymentPostprocessing = 0;
		};
		92FBED5B15C3A85F000D1AE3 /* Frameworks */ = {
			isa = PBXFrameworksBuildPhase;
			buildActionMask = 2147483647;
			files = (
			);
			runOnlyForDeploymentPostprocessing = 0;
		};
/* End PBXFrameworksBuildPhase section */

/* Begin PBXGroup section */
		925AE7C115C43212008840D9 /* context-beta-ios-sdk */ = {
			isa = PBXGroup;
			children = (
				925AE7C215C43212008840D9 /* Common.embeddedframework */,
				925AE7C515C43212008840D9 /* ContextCore.embeddedframework */,
				925AE7D515C43212008840D9 /* ContextLocation.embeddedframework */,
				925AE7E415C43212008840D9 /* ContextProfiling.embeddedframework */,
				925AE7E815C43212008840D9 /* NetworkServices.embeddedframework */,
			);
			path = "context-beta-ios-sdk";
			sourceTree = "<group>";
		};
		925AE7C215C43212008840D9 /* Common.embeddedframework */ = {
			isa = PBXGroup;
			children = (
				925AE7C315C43212008840D9 /* Common.framework */,
				925AE7C415C43212008840D9 /* Resources */,
			);
			path = Common.embeddedframework;
			sourceTree = "<group>";
		};
		925AE7C415C43212008840D9 /* Resources */ = {
			isa = PBXGroup;
			children = (
			);
			path = Resources;
			sourceTree = "<group>";
		};
		925AE7C515C43212008840D9 /* ContextCore.embeddedframework */ = {
			isa = PBXGroup;
			children = (
				925AE7C615C43212008840D9 /* ContextCore.framework */,
				925AE7C715C43212008840D9 /* Resources */,
			);
			path = ContextCore.embeddedframework;
			sourceTree = "<group>";
		};
		925AE7C715C43212008840D9 /* Resources */ = {
			isa = PBXGroup;
			children = (
			);
			path = Resources;
			sourceTree = "<group>";
		};
		925AE7D515C43212008840D9 /* ContextLocation.embeddedframework */ = {
			isa = PBXGroup;
			children = (
				925AE7D615C43212008840D9 /* ContextLocation.framework */,
				925AE7D715C43212008840D9 /* Resources */,
			);
			path = ContextLocation.embeddedframework;
			sourceTree = "<group>";
		};
		925AE7D715C43212008840D9 /* Resources */ = {
			isa = PBXGroup;
			children = (
				925AE7D815C43212008840D9 /* ContentModel.momd */,
				925AE7DC15C43212008840D9 /* PlaceOfRelevanceModel.momd */,
				925AE7E015C43212008840D9 /* Repository.momd */,
			);
			path = Resources;
			sourceTree = "<group>";
		};
		925AE7D815C43212008840D9 /* ContentModel.momd */ = {
			isa = PBXGroup;
			children = (
				925AE7D915C43212008840D9 /* ContentModel.mom */,
				925AE7DA15C43212008840D9 /* ContentModel.omo */,
				925AE7DB15C43212008840D9 /* VersionInfo.plist */,
			);
			path = ContentModel.momd;
			sourceTree = "<group>";
		};
		925AE7DC15C43212008840D9 /* PlaceOfRelevanceModel.momd */ = {
			isa = PBXGroup;
			children = (
				925AE7DD15C43212008840D9 /* PlaceOfRelevanceModel.mom */,
				925AE7DE15C43212008840D9 /* PlaceOfRelevanceModel.omo */,
				925AE7DF15C43212008840D9 /* VersionInfo.plist */,
			);
			path = PlaceOfRelevanceModel.momd;
			sourceTree = "<group>";
		};
		925AE7E015C43212008840D9 /* Repository.momd */ = {
			isa = PBXGroup;
			children = (
				925AE7E115C43212008840D9 /* Repository.mom */,
				925AE7E215C43212008840D9 /* Repository.omo */,
				925AE7E315C43212008840D9 /* VersionInfo.plist */,
			);
			path = Repository.momd;
			sourceTree = "<group>";
		};
		925AE7E415C43212008840D9 /* ContextProfiling.embeddedframework */ = {
			isa = PBXGroup;
			children = (
				925AE7E515C43212008840D9 /* ContextProfiling.framework */,
				925AE7E615C43212008840D9 /* Resources */,
			);
			path = ContextProfiling.embeddedframework;
			sourceTree = "<group>";
		};
		925AE7E615C43212008840D9 /* Resources */ = {
			isa = PBXGroup;
			children = (
				925AE7E715C43212008840D9 /* rules.txt */,
			);
			path = Resources;
			sourceTree = "<group>";
		};
		925AE7E815C43212008840D9 /* NetworkServices.embeddedframework */ = {
			isa = PBXGroup;
			children = (
				925AE7E915C43212008840D9 /* NetworkServices.framework */,
				925AE7EA15C43212008840D9 /* Resources */,
			);
			path = NetworkServices.embeddedframework;
			sourceTree = "<group>";
		};
		925AE7EA15C43212008840D9 /* Resources */ = {
			isa = PBXGroup;
			children = (
			);
			path = Resources;
			sourceTree = "<group>";
		};
		92FBED3915C3A85F000D1AE3 = {
			isa = PBXGroup;
			children = (
				92FBED4E15C3A85F000D1AE3 /* LikeMindedPeople */,
				92FBED6615C3A85F000D1AE3 /* LikeMindedPeopleTests */,
				92FBED4715C3A85F000D1AE3 /* Frameworks */,
				92FBED4515C3A85F000D1AE3 /* Products */,
			);
			sourceTree = "<group>";
		};
		92FBED4515C3A85F000D1AE3 /* Products */ = {
			isa = PBXGroup;
			children = (
				92FBED4415C3A85F000D1AE3 /* LikeMindedPeople.app */,
				92FBED5F15C3A85F000D1AE3 /* LikeMindedPeopleTests.octest */,
			);
			name = Products;
			sourceTree = "<group>";
		};
		92FBED4715C3A85F000D1AE3 /* Frameworks */ = {
			isa = PBXGroup;
			children = (
				925AE80B15C43F7D008840D9 /* MapKit.framework */,
				925AE7C115C43212008840D9 /* context-beta-ios-sdk */,
				925AE7AC15C430F2008840D9 /* UIKit.framework */,
				925AE7AD15C430F2008840D9 /* Foundation.framework */,
				925AE7AE15C430F2008840D9 /* CoreGraphics.framework */,
				925AE7AF15C430F2008840D9 /* CoreLocation.framework */,
				925AE7B015C430F2008840D9 /* MapKit.framework */,
				925AE7B115C430F2008840D9 /* CoreData.framework */,
				925AE7B215C430F2008840D9 /* Security.framework */,
			);
			name = Frameworks;
			sourceTree = "<group>";
		};
		92FBED4E15C3A85F000D1AE3 /* LikeMindedPeople */ = {
			isa = PBXGroup;
			children = (
				92FBED5715C3A85F000D1AE3 /* AppDelegate.h */,
				92FBED5815C3A85F000D1AE3 /* AppDelegate.m */,
				925AE83915C44018008840D9 /* ViewController.h */,
				925AE83A15C44018008840D9 /* ViewController.m */,
				925AE83B15C44018008840D9 /* ViewController.xib */,
				92F0038515C46A7D00BE46C5 /* DataModel.h */,
				92F0038615C46A7D00BE46C5 /* DataModel.m */,
				92FBED4F15C3A85F000D1AE3 /* Supporting Files */,
			);
			path = LikeMindedPeople;
			sourceTree = "<group>";
		};
		92FBED4F15C3A85F000D1AE3 /* Supporting Files */ = {
			isa = PBXGroup;
			children = (
				92FBED5015C3A85F000D1AE3 /* LikeMindedPeople-Info.plist */,
				92FBED5115C3A85F000D1AE3 /* InfoPlist.strings */,
				92FBED5415C3A85F000D1AE3 /* main.m */,
				92FBED5615C3A85F000D1AE3 /* LikeMindedPeople-Prefix.pch */,
			);
			name = "Supporting Files";
			sourceTree = "<group>";
		};
		92FBED6615C3A85F000D1AE3 /* LikeMindedPeopleTests */ = {
			isa = PBXGroup;
			children = (
				92FBED6C15C3A85F000D1AE3 /* LikeMindedPeopleTests.h */,
				92FBED6D15C3A85F000D1AE3 /* LikeMindedPeopleTests.m */,
				92FBED6715C3A85F000D1AE3 /* Supporting Files */,
			);
			path = LikeMindedPeopleTests;
			sourceTree = "<group>";
		};
		92FBED6715C3A85F000D1AE3 /* Supporting Files */ = {
			isa = PBXGroup;
			children = (
				925AE80515C43244008840D9 /* UserContext.plist */,
				92FBED6815C3A85F000D1AE3 /* LikeMindedPeopleTests-Info.plist */,
				92FBED6915C3A85F000D1AE3 /* InfoPlist.strings */,
			);
			name = "Supporting Files";
			sourceTree = "<group>";
		};
/* End PBXGroup section */

/* Begin PBXNativeTarget section */
		92FBED4315C3A85F000D1AE3 /* LikeMindedPeople */ = {
			isa = PBXNativeTarget;
			buildConfigurationList = 92FBED7115C3A85F000D1AE3 /* Build configuration list for PBXNativeTarget "LikeMindedPeople" */;
			buildPhases = (
				92FBED4015C3A85F000D1AE3 /* Sources */,
				92FBED4115C3A85F000D1AE3 /* Frameworks */,
				92FBED4215C3A85F000D1AE3 /* Resources */,
			);
			buildRules = (
			);
			dependencies = (
			);
			name = LikeMindedPeople;
			productName = LikeMindedPeople;
			productReference = 92FBED4415C3A85F000D1AE3 /* LikeMindedPeople.app */;
			productType = "com.apple.product-type.application";
		};
		92FBED5E15C3A85F000D1AE3 /* LikeMindedPeopleTests */ = {
			isa = PBXNativeTarget;
			buildConfigurationList = 92FBED7415C3A85F000D1AE3 /* Build configuration list for PBXNativeTarget "LikeMindedPeopleTests" */;
			buildPhases = (
				92FBED5A15C3A85F000D1AE3 /* Sources */,
				92FBED5B15C3A85F000D1AE3 /* Frameworks */,
				92FBED5C15C3A85F000D1AE3 /* Resources */,
				92FBED5D15C3A85F000D1AE3 /* ShellScript */,
			);
			buildRules = (
			);
			dependencies = (
				92FBED6515C3A85F000D1AE3 /* PBXTargetDependency */,
			);
			name = LikeMindedPeopleTests;
			productName = LikeMindedPeopleTests;
			productReference = 92FBED5F15C3A85F000D1AE3 /* LikeMindedPeopleTests.octest */;
			productType = "com.apple.product-type.bundle";
		};
/* End PBXNativeTarget section */

/* Begin PBXProject section */
		92FBED3B15C3A85F000D1AE3 /* Project object */ = {
			isa = PBXProject;
			attributes = {
				LastUpgradeCheck = 0430;
			};
			buildConfigurationList = 92FBED3E15C3A85F000D1AE3 /* Build configuration list for PBXProject "LikeMindedPeople" */;
			compatibilityVersion = "Xcode 3.2";
			developmentRegion = English;
			hasScannedForEncodings = 0;
			knownRegions = (
				en,
			);
			mainGroup = 92FBED3915C3A85F000D1AE3;
			productRefGroup = 92FBED4515C3A85F000D1AE3 /* Products */;
			projectDirPath = "";
			projectRoot = "";
			targets = (
				92FBED4315C3A85F000D1AE3 /* LikeMindedPeople */,
				92FBED5E15C3A85F000D1AE3 /* LikeMindedPeopleTests */,
			);
		};
/* End PBXProject section */

/* Begin PBXResourcesBuildPhase section */
		92FBED4215C3A85F000D1AE3 /* Resources */ = {
			isa = PBXResourcesBuildPhase;
			buildActionMask = 2147483647;
			files = (
				92FBED5315C3A85F000D1AE3 /* InfoPlist.strings in Resources */,
				925AE7F915C43213008840D9 /* ContentModel.mom in Resources */,
				925AE7FA15C43213008840D9 /* ContentModel.omo in Resources */,
				925AE7FB15C43213008840D9 /* VersionInfo.plist in Resources */,
				925AE7FC15C43213008840D9 /* PlaceOfRelevanceModel.mom in Resources */,
				925AE7FD15C43213008840D9 /* PlaceOfRelevanceModel.omo in Resources */,
				925AE7FE15C43213008840D9 /* VersionInfo.plist in Resources */,
				925AE7FF15C43213008840D9 /* Repository.mom in Resources */,
				925AE80015C43213008840D9 /* Repository.omo in Resources */,
				925AE80115C43213008840D9 /* VersionInfo.plist in Resources */,
				925AE80315C43213008840D9 /* rules.txt in Resources */,
				925AE80615C43244008840D9 /* UserContext.plist in Resources */,
				925AE83D15C44018008840D9 /* ViewController.xib in Resources */,
			);
			runOnlyForDeploymentPostprocessing = 0;
		};
		92FBED5C15C3A85F000D1AE3 /* Resources */ = {
			isa = PBXResourcesBuildPhase;
			buildActionMask = 2147483647;
			files = (
				92FBED6B15C3A85F000D1AE3 /* InfoPlist.strings in Resources */,
			);
			runOnlyForDeploymentPostprocessing = 0;
		};
/* End PBXResourcesBuildPhase section */

/* Begin PBXShellScriptBuildPhase section */
		92FBED5D15C3A85F000D1AE3 /* ShellScript */ = {
			isa = PBXShellScriptBuildPhase;
			buildActionMask = 2147483647;
			files = (
			);
			inputPaths = (
			);
			outputPaths = (
			);
			runOnlyForDeploymentPostprocessing = 0;
			shellPath = /bin/sh;
			shellScript = "# Run the unit tests in this test bundle.\n\"${SYSTEM_DEVELOPER_DIR}/Tools/RunUnitTests\"\n";
		};
/* End PBXShellScriptBuildPhase section */

/* Begin PBXSourcesBuildPhase section */
		92FBED4015C3A85F000D1AE3 /* Sources */ = {
			isa = PBXSourcesBuildPhase;
			buildActionMask = 2147483647;
			files = (
				92FBED5515C3A85F000D1AE3 /* main.m in Sources */,
				92FBED5915C3A85F000D1AE3 /* AppDelegate.m in Sources */,
				925AE83C15C44018008840D9 /* ViewController.m in Sources */,
				92F0038715C46A7D00BE46C5 /* DataModel.m in Sources */,
			);
			runOnlyForDeploymentPostprocessing = 0;
		};
		92FBED5A15C3A85F000D1AE3 /* Sources */ = {
			isa = PBXSourcesBuildPhase;
			buildActionMask = 2147483647;
			files = (
				92FBED6E15C3A85F000D1AE3 /* LikeMindedPeopleTests.m in Sources */,
			);
			runOnlyForDeploymentPostprocessing = 0;
		};
/* End PBXSourcesBuildPhase section */

/* Begin PBXTargetDependency section */
		92FBED6515C3A85F000D1AE3 /* PBXTargetDependency */ = {
			isa = PBXTargetDependency;
			target = 92FBED4315C3A85F000D1AE3 /* LikeMindedPeople */;
			targetProxy = 92FBED6415C3A85F000D1AE3 /* PBXContainerItemProxy */;
		};
/* End PBXTargetDependency section */

/* Begin PBXVariantGroup section */
		92FBED5115C3A85F000D1AE3 /* InfoPlist.strings */ = {
			isa = PBXVariantGroup;
			children = (
				92FBED5215C3A85F000D1AE3 /* en */,
			);
			name = InfoPlist.strings;
			sourceTree = "<group>";
		};
		92FBED6915C3A85F000D1AE3 /* InfoPlist.strings */ = {
			isa = PBXVariantGroup;
			children = (
				92FBED6A15C3A85F000D1AE3 /* en */,
			);
			name = InfoPlist.strings;
			sourceTree = "<group>";
		};
/* End PBXVariantGroup section */

/* Begin XCBuildConfiguration section */
		92FBED6F15C3A85F000D1AE3 /* Debug */ = {
			isa = XCBuildConfiguration;
			buildSettings = {
				ALWAYS_SEARCH_USER_PATHS = NO;
				ARCHS = "$(ARCHS_STANDARD_32_BIT)";
				CLANG_ENABLE_OBJC_ARC = YES;
				"CODE_SIGN_IDENTITY[sdk=iphoneos*]" = "iPhone Developer";
				COPY_PHASE_STRIP = NO;
				GCC_C_LANGUAGE_STANDARD = gnu99;
				GCC_DYNAMIC_NO_PIC = NO;
				GCC_OPTIMIZATION_LEVEL = 0;
				GCC_PREPROCESSOR_DEFINITIONS = (
					"DEBUG=1",
					"$(inherited)",
				);
				GCC_SYMBOLS_PRIVATE_EXTERN = NO;
				GCC_VERSION = com.apple.compilers.llvm.clang.1_0;
				GCC_WARN_ABOUT_RETURN_TYPE = YES;
				GCC_WARN_UNINITIALIZED_AUTOS = YES;
				GCC_WARN_UNUSED_VARIABLE = YES;
				IPHONEOS_DEPLOYMENT_TARGET = 5.1;
				SDKROOT = iphoneos;
			};
			name = Debug;
		};
		92FBED7015C3A85F000D1AE3 /* Release */ = {
			isa = XCBuildConfiguration;
			buildSettings = {
				ALWAYS_SEARCH_USER_PATHS = NO;
				ARCHS = "$(ARCHS_STANDARD_32_BIT)";
				CLANG_ENABLE_OBJC_ARC = YES;
				"CODE_SIGN_IDENTITY[sdk=iphoneos*]" = "iPhone Developer";
				COPY_PHASE_STRIP = YES;
				GCC_C_LANGUAGE_STANDARD = gnu99;
				GCC_VERSION = com.apple.compilers.llvm.clang.1_0;
				GCC_WARN_ABOUT_RETURN_TYPE = YES;
				GCC_WARN_UNINITIALIZED_AUTOS = YES;
				GCC_WARN_UNUSED_VARIABLE = YES;
				IPHONEOS_DEPLOYMENT_TARGET = 5.1;
				OTHER_CFLAGS = "-DNS_BLOCK_ASSERTIONS=1";
				SDKROOT = iphoneos;
				VALIDATE_PRODUCT = YES;
			};
			name = Release;
		};
		92FBED7215C3A85F000D1AE3 /* Debug */ = {
			isa = XCBuildConfiguration;
			buildSettings = {
				FRAMEWORK_SEARCH_PATHS = (
					"$(inherited)",
					"\"$(SRCROOT)/Common.embeddedframework\"",
					"\"$(SRCROOT)/ContextCore.embeddedframework\"",
					"\"$(SRCROOT)/ContextIR.embeddedframework\"",
					"\"$(SRCROOT)/ContextLocation.embeddedframework\"",
					"\"$(SRCROOT)/ContextProfiling.embeddedframework\"",
					"\"$(SRCROOT)/NetworkServices.embeddedframework\"",
					"\"$(SRCROOT)/../Codes/Qualcomm/gimbal/GimbalIOSSDK/context-beta-ios-sdk/ContextProfiling.embeddedframework\"",
					"\"$(SRCROOT)/context-beta-ios-sdk/Common.embeddedframework\"",
					"\"$(SRCROOT)/context-beta-ios-sdk/ContextCore.embeddedframework\"",
					"\"$(SRCROOT)/context-beta-ios-sdk/ContextIR.embeddedframework\"",
					"\"$(SRCROOT)/context-beta-ios-sdk/ContextLocation.embeddedframework\"",
					"\"$(SRCROOT)/context-beta-ios-sdk/ContextProfiling.embeddedframework\"",
					"\"$(SRCROOT)/context-beta-ios-sdk/NetworkServices.embeddedframework\"",
				);
				GCC_PRECOMPILE_PREFIX_HEADER = YES;
				GCC_PREFIX_HEADER = "LikeMindedPeople/LikeMindedPeople-Prefix.pch";
				INFOPLIST_FILE = "LikeMindedPeople/LikeMindedPeople-Info.plist";
				PRODUCT_NAME = "$(TARGET_NAME)";
				WRAPPER_EXTENSION = app;
			};
			name = Debug;
		};
		92FBED7315C3A85F000D1AE3 /* Release */ = {
			isa = XCBuildConfiguration;
			buildSettings = {
				FRAMEWORK_SEARCH_PATHS = (
					"$(inherited)",
					"\"$(SRCROOT)/Common.embeddedframework\"",
					"\"$(SRCROOT)/ContextCore.embeddedframework\"",
					"\"$(SRCROOT)/ContextIR.embeddedframework\"",
					"\"$(SRCROOT)/ContextLocation.embeddedframework\"",
					"\"$(SRCROOT)/ContextProfiling.embeddedframework\"",
					"\"$(SRCROOT)/NetworkServices.embeddedframework\"",
					"\"$(SRCROOT)/../Codes/Qualcomm/gimbal/GimbalIOSSDK/context-beta-ios-sdk/ContextProfiling.embeddedframework\"",
					"\"$(SRCROOT)/context-beta-ios-sdk/Common.embeddedframework\"",
					"\"$(SRCROOT)/context-beta-ios-sdk/ContextCore.embeddedframework\"",
					"\"$(SRCROOT)/context-beta-ios-sdk/ContextIR.embeddedframework\"",
					"\"$(SRCROOT)/context-beta-ios-sdk/ContextLocation.embeddedframework\"",
					"\"$(SRCROOT)/context-beta-ios-sdk/ContextProfiling.embeddedframework\"",
					"\"$(SRCROOT)/context-beta-ios-sdk/NetworkServices.embeddedframework\"",
				);
				GCC_PRECOMPILE_PREFIX_HEADER = YES;
				GCC_PREFIX_HEADER = "LikeMindedPeople/LikeMindedPeople-Prefix.pch";
				INFOPLIST_FILE = "LikeMindedPeople/LikeMindedPeople-Info.plist";
				PRODUCT_NAME = "$(TARGET_NAME)";
				WRAPPER_EXTENSION = app;
			};
			name = Release;
		};
		92FBED7515C3A85F000D1AE3 /* Debug */ = {
			isa = XCBuildConfiguration;
			buildSettings = {
				BUNDLE_LOADER = "$(BUILT_PRODUCTS_DIR)/LikeMindedPeople.app/LikeMindedPeople";
				FRAMEWORK_SEARCH_PATHS = (
					"$(SDKROOT)/Developer/Library/Frameworks",
					"$(DEVELOPER_LIBRARY_DIR)/Frameworks",
				);
				GCC_PRECOMPILE_PREFIX_HEADER = YES;
				GCC_PREFIX_HEADER = "LikeMindedPeople/LikeMindedPeople-Prefix.pch";
				INFOPLIST_FILE = "LikeMindedPeopleTests/LikeMindedPeopleTests-Info.plist";
				PRODUCT_NAME = "$(TARGET_NAME)";
				TEST_HOST = "$(BUNDLE_LOADER)";
				WRAPPER_EXTENSION = octest;
			};
			name = Debug;
		};
		92FBED7615C3A85F000D1AE3 /* Release */ = {
			isa = XCBuildConfiguration;
			buildSettings = {
				BUNDLE_LOADER = "$(BUILT_PRODUCTS_DIR)/LikeMindedPeople.app/LikeMindedPeople";
				FRAMEWORK_SEARCH_PATHS = (
					"$(SDKROOT)/Developer/Library/Frameworks",
					"$(DEVELOPER_LIBRARY_DIR)/Frameworks",
				);
				GCC_PRECOMPILE_PREFIX_HEADER = YES;
				GCC_PREFIX_HEADER = "LikeMindedPeople/LikeMindedPeople-Prefix.pch";
				INFOPLIST_FILE = "LikeMindedPeopleTests/LikeMindedPeopleTests-Info.plist";
				PRODUCT_NAME = "$(TARGET_NAME)";
				TEST_HOST = "$(BUNDLE_LOADER)";
				WRAPPER_EXTENSION = octest;
			};
			name = Release;
		};
/* End XCBuildConfiguration section */

/* Begin XCConfigurationList section */
		92FBED3E15C3A85F000D1AE3 /* Build configuration list for PBXProject "LikeMindedPeople" */ = {
			isa = XCConfigurationList;
			buildConfigurations = (
				92FBED6F15C3A85F000D1AE3 /* Debug */,
				92FBED7015C3A85F000D1AE3 /* Release */,
			);
			defaultConfigurationIsVisible = 0;
			defaultConfigurationName = Release;
		};
		92FBED7115C3A85F000D1AE3 /* Build configuration list for PBXNativeTarget "LikeMindedPeople" */ = {
			isa = XCConfigurationList;
			buildConfigurations = (
				92FBED7215C3A85F000D1AE3 /* Debug */,
				92FBED7315C3A85F000D1AE3 /* Release */,
			);
			defaultConfigurationIsVisible = 0;
			defaultConfigurationName = Release;
		};
		92FBED7415C3A85F000D1AE3 /* Build configuration list for PBXNativeTarget "LikeMindedPeopleTests" */ = {
			isa = XCConfigurationList;
			buildConfigurations = (
				92FBED7515C3A85F000D1AE3 /* Debug */,
				92FBED7615C3A85F000D1AE3 /* Release */,
			);
			defaultConfigurationIsVisible = 0;
			defaultConfigurationName = Release;
		};
/* End XCConfigurationList section */
	};
	rootObject = 92FBED3B15C3A85F000D1AE3 /* Project object */;
}
