// !$*UTF8*$!
{
	archiveVersion = 1;
	classes = {
	};
	objectVersion = 46;
	objects = {

/* Begin PBXBuildFile section */
		921E91D615CC3D360033C8B1 /* SideBar.m in Sources */ = {isa = PBXBuildFile; fileRef = 921E91D515CC3D360033C8B1 /* SideBar.m */; };
		9226EDE515C6F09E0081D01C /* libfacebook_ios_sdk.a in Frameworks */ = {isa = PBXBuildFile; fileRef = D31363B215C494510071BED3 /* libfacebook_ios_sdk.a */; };
		924FB9B715CAEAEF00E9E7C3 /* DetailView.m in Sources */ = {isa = PBXBuildFile; fileRef = 924FB9B615CAEAEF00E9E7C3 /* DetailView.m */; };
		9253043E15D642B400BC7FEF /* searchfield.png in Resources */ = {isa = PBXBuildFile; fileRef = 9253043D15D642B400BC7FEF /* searchfield.png */; };
		9253044215D643CF00BC7FEF /* cancel.png in Resources */ = {isa = PBXBuildFile; fileRef = 9253044015D643CF00BC7FEF /* cancel.png */; };
		9253044315D643CF00BC7FEF /* cancelpress.png in Resources */ = {isa = PBXBuildFile; fileRef = 9253044115D643CF00BC7FEF /* cancelpress.png */; };
		9253044715D7006000BC7FEF /* SearchView.xib in Resources */ = {isa = PBXBuildFile; fileRef = 9253044615D7006000BC7FEF /* SearchView.xib */; };
		9253044915D7007E00BC7FEF /* DetailView.xib in Resources */ = {isa = PBXBuildFile; fileRef = 9253044815D7007E00BC7FEF /* DetailView.xib */; };
		9253044C15D73D6900BC7FEF /* SearchBar.xib in Resources */ = {isa = PBXBuildFile; fileRef = 9253044B15D73D6800BC7FEF /* SearchBar.xib */; };
		925AE7B315C430F2008840D9 /* UIKit.framework in Frameworks */ = {isa = PBXBuildFile; fileRef = 925AE7AC15C430F2008840D9 /* UIKit.framework */; };
		925AE7B415C430F2008840D9 /* Foundation.framework in Frameworks */ = {isa = PBXBuildFile; fileRef = 925AE7AD15C430F2008840D9 /* Foundation.framework */; };
		925AE7B515C430F2008840D9 /* CoreGraphics.framework in Frameworks */ = {isa = PBXBuildFile; fileRef = 925AE7AE15C430F2008840D9 /* CoreGraphics.framework */; };
		925AE7B615C430F2008840D9 /* CoreLocation.framework in Frameworks */ = {isa = PBXBuildFile; fileRef = 925AE7AF15C430F2008840D9 /* CoreLocation.framework */; };
		925AE7B715C430F2008840D9 /* MapKit.framework in Frameworks */ = {isa = PBXBuildFile; fileRef = 925AE7B015C430F2008840D9 /* MapKit.framework */; };
		925AE7B815C430F2008840D9 /* CoreData.framework in Frameworks */ = {isa = PBXBuildFile; fileRef = 925AE7B115C430F2008840D9 /* CoreData.framework */; };
		925AE7B915C430F2008840D9 /* Security.framework in Frameworks */ = {isa = PBXBuildFile; fileRef = 925AE7B215C430F2008840D9 /* Security.framework */; };
		925AE7EB15C43212008840D9 /* Common.framework in Frameworks */ = {isa = PBXBuildFile; fileRef = 925AE7C315C43212008840D9 /* Common.framework */; };
		925AE7EC15C43212008840D9 /* ContextCore.framework in Frameworks */ = {isa = PBXBuildFile; fileRef = 925AE7C615C43212008840D9 /* ContextCore.framework */; };
		925AE7F815C43212008840D9 /* ContextLocation.framework in Frameworks */ = {isa = PBXBuildFile; fileRef = 925AE7D615C43212008840D9 /* ContextLocation.framework */; };
		925AE7F915C43213008840D9 /* ContentModel.mom in Resources */ = {isa = PBXBuildFile; fileRef = 925AE7D915C43212008840D9 /* ContentModel.mom */; };
		925AE7FA15C43213008840D9 /* ContentModel.omo in Resources */ = {isa = PBXBuildFile; fileRef = 925AE7DA15C43212008840D9 /* ContentModel.omo */; };
		925AE7FB15C43213008840D9 /* VersionInfo.plist in Resources */ = {isa = PBXBuildFile; fileRef = 925AE7DB15C43212008840D9 /* VersionInfo.plist */; };
		925AE7FC15C43213008840D9 /* PlaceOfRelevanceModel.mom in Resources */ = {isa = PBXBuildFile; fileRef = 925AE7DD15C43212008840D9 /* PlaceOfRelevanceModel.mom */; };
		925AE7FD15C43213008840D9 /* PlaceOfRelevanceModel.omo in Resources */ = {isa = PBXBuildFile; fileRef = 925AE7DE15C43212008840D9 /* PlaceOfRelevanceModel.omo */; };
		925AE7FE15C43213008840D9 /* VersionInfo.plist in Resources */ = {isa = PBXBuildFile; fileRef = 925AE7DF15C43212008840D9 /* VersionInfo.plist */; };
		925AE7FF15C43213008840D9 /* Repository.mom in Resources */ = {isa = PBXBuildFile; fileRef = 925AE7E115C43212008840D9 /* Repository.mom */; };
		925AE80015C43213008840D9 /* Repository.omo in Resources */ = {isa = PBXBuildFile; fileRef = 925AE7E215C43212008840D9 /* Repository.omo */; };
		925AE80115C43213008840D9 /* VersionInfo.plist in Resources */ = {isa = PBXBuildFile; fileRef = 925AE7E315C43212008840D9 /* VersionInfo.plist */; };
		925AE80215C43213008840D9 /* ContextProfiling.framework in Frameworks */ = {isa = PBXBuildFile; fileRef = 925AE7E515C43212008840D9 /* ContextProfiling.framework */; };
		925AE80315C43213008840D9 /* rules.txt in Resources */ = {isa = PBXBuildFile; fileRef = 925AE7E715C43212008840D9 /* rules.txt */; };
		925AE80415C43213008840D9 /* NetworkServices.framework in Frameworks */ = {isa = PBXBuildFile; fileRef = 925AE7E915C43212008840D9 /* NetworkServices.framework */; };
		925AE86F15C45924008840D9 /* UserContext.plist in Resources */ = {isa = PBXBuildFile; fileRef = 925AE86E15C45924008840D9 /* UserContext.plist */; };
		925AE8C515C49075008840D9 /* LoginViewController.m in Sources */ = {isa = PBXBuildFile; fileRef = 925AE8C315C49075008840D9 /* LoginViewController.m */; };
		925AE8C615C49075008840D9 /* LoginViewController.xib in Resources */ = {isa = PBXBuildFile; fileRef = 925AE8C415C49075008840D9 /* LoginViewController.xib */; };
		925AE90615C4A077008840D9 /* lines.jpg in Resources */ = {isa = PBXBuildFile; fileRef = 925AE90515C4A077008840D9 /* lines.jpg */; };
		925F9FDE15C5CE630081E098 /* 57icon.png in Resources */ = {isa = PBXBuildFile; fileRef = 925F9FDD15C5CE630081E098 /* 57icon.png */; };
		925F9FE015C5CE650081E098 /* 114icon.png in Resources */ = {isa = PBXBuildFile; fileRef = 925F9FDF15C5CE650081E098 /* 114icon.png */; };
		9263F48415D5F70300B9B4A5 /* clubsbtn.png in Resources */ = {isa = PBXBuildFile; fileRef = 9263F47515D5F70300B9B4A5 /* clubsbtn.png */; };
		9263F48515D5F70300B9B4A5 /* cafebtn.png in Resources */ = {isa = PBXBuildFile; fileRef = 9263F47615D5F70300B9B4A5 /* cafebtn.png */; };
		9263F48615D5F70300B9B4A5 /* foodbtn3.png in Resources */ = {isa = PBXBuildFile; fileRef = 9263F47715D5F70300B9B4A5 /* foodbtn3.png */; };
		9263F48715D5F70300B9B4A5 /* clubsbtn3.png in Resources */ = {isa = PBXBuildFile; fileRef = 9263F47815D5F70300B9B4A5 /* clubsbtn3.png */; };
		9263F48815D5F70300B9B4A5 /* cafebtn3.png in Resources */ = {isa = PBXBuildFile; fileRef = 9263F47915D5F70300B9B4A5 /* cafebtn3.png */; };
		9263F48915D5F70300B9B4A5 /* barsbtn3.png in Resources */ = {isa = PBXBuildFile; fileRef = 9263F47A15D5F70300B9B4A5 /* barsbtn3.png */; };
		9263F48A15D5F70300B9B4A5 /* searchbtn3.png in Resources */ = {isa = PBXBuildFile; fileRef = 9263F47B15D5F70300B9B4A5 /* searchbtn3.png */; };
		9263F48B15D5F70300B9B4A5 /* foodbtn2.png in Resources */ = {isa = PBXBuildFile; fileRef = 9263F47C15D5F70300B9B4A5 /* foodbtn2.png */; };
		9263F48C15D5F70300B9B4A5 /* clubsbtn2.png in Resources */ = {isa = PBXBuildFile; fileRef = 9263F47D15D5F70300B9B4A5 /* clubsbtn2.png */; };
		9263F48D15D5F70300B9B4A5 /* cafebtn2.png in Resources */ = {isa = PBXBuildFile; fileRef = 9263F47E15D5F70300B9B4A5 /* cafebtn2.png */; };
		9263F48E15D5F70300B9B4A5 /* barsbtn2.png in Resources */ = {isa = PBXBuildFile; fileRef = 9263F47F15D5F70300B9B4A5 /* barsbtn2.png */; };
		9263F48F15D5F70300B9B4A5 /* foodbtn.png in Resources */ = {isa = PBXBuildFile; fileRef = 9263F48015D5F70300B9B4A5 /* foodbtn.png */; };
		9263F49015D5F70300B9B4A5 /* barsbtn.png in Resources */ = {isa = PBXBuildFile; fileRef = 9263F48115D5F70300B9B4A5 /* barsbtn.png */; };
		9263F49115D5F70300B9B4A5 /* searchbtn.png in Resources */ = {isa = PBXBuildFile; fileRef = 9263F48215D5F70300B9B4A5 /* searchbtn.png */; };
		9263F49215D5F70300B9B4A5 /* searchbtn2.png in Resources */ = {isa = PBXBuildFile; fileRef = 9263F48315D5F70300B9B4A5 /* searchbtn2.png */; };
		9263F49515D6209100B9B4A5 /* fullscreenglow.png in Resources */ = {isa = PBXBuildFile; fileRef = 9263F49315D6209100B9B4A5 /* fullscreenglow.png */; };
		9263F49615D6209100B9B4A5 /* minimizeglow.png in Resources */ = {isa = PBXBuildFile; fileRef = 9263F49415D6209100B9B4A5 /* minimizeglow.png */; };
		9263F49915D6209E00B9B4A5 /* fullscreen.png in Resources */ = {isa = PBXBuildFile; fileRef = 9263F49715D6209E00B9B4A5 /* fullscreen.png */; };
		9263F49A15D6209E00B9B4A5 /* minimize.png in Resources */ = {isa = PBXBuildFile; fileRef = 9263F49815D6209E00B9B4A5 /* minimize.png */; };
		9263F49C15D62C2A00B9B4A5 /* headerbg.png in Resources */ = {isa = PBXBuildFile; fileRef = 9263F49B15D62C2A00B9B4A5 /* headerbg.png */; };
		9263F49E15D62EA500B9B4A5 /* loginbg.png in Resources */ = {isa = PBXBuildFile; fileRef = 9263F49D15D62EA500B9B4A5 /* loginbg.png */; };
		9263F4A015D62F3E00B9B4A5 /* facebook.png in Resources */ = {isa = PBXBuildFile; fileRef = 9263F49F15D62F3E00B9B4A5 /* facebook.png */; };
		9263F4A315D62FA600B9B4A5 /* fblogo.png in Resources */ = {isa = PBXBuildFile; fileRef = 9263F4A215D62FA600B9B4A5 /* fblogo.png */; };
		9263F4A515D62FF400B9B4A5 /* loginlogo.png in Resources */ = {isa = PBXBuildFile; fileRef = 9263F4A415D62FF400B9B4A5 /* loginlogo.png */; };
		926FEAF915CB99510053FD1D /* RadiiResultDTO.m in Sources */ = {isa = PBXBuildFile; fileRef = 926FEAF815CB99510053FD1D /* RadiiResultDTO.m */; };
		9282BF4415D0EA2E0065984F /* GeofenceRegion.m in Sources */ = {isa = PBXBuildFile; fileRef = 9282BF4315D0EA2E0065984F /* GeofenceRegion.m */; };
		9290AE8615C837B800E91D61 /* SearchBar.m in Sources */ = {isa = PBXBuildFile; fileRef = 9290AE8515C837B800E91D61 /* SearchBar.m */; };
		9290AE8A15C84C1600E91D61 /* SearchView.m in Sources */ = {isa = PBXBuildFile; fileRef = 9290AE8915C84C1500E91D61 /* SearchView.m */; };
		92A19A7915D24ED300B28279 /* RadiiPinView.m in Sources */ = {isa = PBXBuildFile; fileRef = 92A19A7815D24ED300B28279 /* RadiiPinView.m */; };
		92A19A8A15D3946D00B28279 /* headerlogoandbg.png in Resources */ = {isa = PBXBuildFile; fileRef = 92A19A8915D3946D00B28279 /* headerlogoandbg.png */; };
		92A19A8F15D39B4E00B28279 /* bars_pin.png in Resources */ = {isa = PBXBuildFile; fileRef = 92A19A8B15D39B4E00B28279 /* bars_pin.png */; };
		92A19A9015D39B4E00B28279 /* cafe_pin.png in Resources */ = {isa = PBXBuildFile; fileRef = 92A19A8C15D39B4E00B28279 /* cafe_pin.png */; };
		92A19A9115D39B4E00B28279 /* club_pin.png in Resources */ = {isa = PBXBuildFile; fileRef = 92A19A8D15D39B4E00B28279 /* club_pin.png */; };
		92A19A9215D39B4E00B28279 /* food_pin.png in Resources */ = {isa = PBXBuildFile; fileRef = 92A19A8E15D39B4E00B28279 /* food_pin.png */; };
		92A19A9415D41EC400B28279 /* me_pin.png in Resources */ = {isa = PBXBuildFile; fileRef = 92A19A9315D41EC400B28279 /* me_pin.png */; };
		92D8511915C5BEAD00579B05 /* GeofenceLocation.m in Sources */ = {isa = PBXBuildFile; fileRef = 92D8511815C5BEAD00579B05 /* GeofenceLocation.m */; };
		92EBF31F15C593FB0085C47E /* NSObject+SBJson.m in Sources */ = {isa = PBXBuildFile; fileRef = 92EBF30515C593FB0085C47E /* NSObject+SBJson.m */; };
		92EBF32015C593FB0085C47E /* SBJsonParser.m in Sources */ = {isa = PBXBuildFile; fileRef = 92EBF30815C593FB0085C47E /* SBJsonParser.m */; };
		92EBF32115C593FB0085C47E /* SBJsonStreamParser.m in Sources */ = {isa = PBXBuildFile; fileRef = 92EBF30A15C593FB0085C47E /* SBJsonStreamParser.m */; };
		92EBF32215C593FB0085C47E /* SBJsonStreamParserAccumulator.m in Sources */ = {isa = PBXBuildFile; fileRef = 92EBF30C15C593FB0085C47E /* SBJsonStreamParserAccumulator.m */; };
		92EBF32315C593FB0085C47E /* SBJsonStreamParserAdapter.m in Sources */ = {isa = PBXBuildFile; fileRef = 92EBF30E15C593FB0085C47E /* SBJsonStreamParserAdapter.m */; };
		92EBF32415C593FB0085C47E /* SBJsonStreamParserState.m in Sources */ = {isa = PBXBuildFile; fileRef = 92EBF31015C593FB0085C47E /* SBJsonStreamParserState.m */; };
		92EBF32515C593FB0085C47E /* SBJsonStreamWriter.m in Sources */ = {isa = PBXBuildFile; fileRef = 92EBF31215C593FB0085C47E /* SBJsonStreamWriter.m */; };
		92EBF32615C593FB0085C47E /* SBJsonStreamWriterAccumulator.m in Sources */ = {isa = PBXBuildFile; fileRef = 92EBF31415C593FB0085C47E /* SBJsonStreamWriterAccumulator.m */; };
		92EBF32715C593FB0085C47E /* SBJsonStreamWriterState.m in Sources */ = {isa = PBXBuildFile; fileRef = 92EBF31615C593FB0085C47E /* SBJsonStreamWriterState.m */; };
		92EBF32815C593FB0085C47E /* SBJsonTokeniser.m in Sources */ = {isa = PBXBuildFile; fileRef = 92EBF31815C593FB0085C47E /* SBJsonTokeniser.m */; };
		92EBF32915C593FB0085C47E /* SBJsonUTF8Stream.m in Sources */ = {isa = PBXBuildFile; fileRef = 92EBF31A15C593FB0085C47E /* SBJsonUTF8Stream.m */; };
		92EBF32A15C593FB0085C47E /* SBJsonWriter.m in Sources */ = {isa = PBXBuildFile; fileRef = 92EBF31C15C593FB0085C47E /* SBJsonWriter.m */; };
		92EBF33015C5992E0085C47E /* TDBadgedCell.m in Sources */ = {isa = PBXBuildFile; fileRef = 92EBF32F15C5992E0085C47E /* TDBadgedCell.m */; settings = {COMPILER_FLAGS = "-fno-objc-arc"; }; };
		92EBF33615C59B2D0085C47E /* QuartzCore.framework in Frameworks */ = {isa = PBXBuildFile; fileRef = 92EBF33515C59B2D0085C47E /* QuartzCore.framework */; };
		92EBF33815C59FC80085C47E /* backbtn.jpg in Resources */ = {isa = PBXBuildFile; fileRef = 92EBF33715C59FC80085C47E /* backbtn.jpg */; };
		92EBF34515C5B8A30085C47E /* mapgraphic.png in Resources */ = {isa = PBXBuildFile; fileRef = 92EBF34415C5B8A30085C47E /* mapgraphic.png */; };
		92EBF34D15C5C04B0085C47E /* backactive.png in Resources */ = {isa = PBXBuildFile; fileRef = 92EBF34C15C5C04B0085C47E /* backactive.png */; };
		92EBF34F15C5C0990085C47E /* bg.png in Resources */ = {isa = PBXBuildFile; fileRef = 92EBF34E15C5C0990085C47E /* bg.png */; };
		92EC3E4015C7A5DB0025E56C /* MapViewController.m in Sources */ = {isa = PBXBuildFile; fileRef = 92EC3E3E15C7A5DB0025E56C /* MapViewController.m */; };
		92EC3E4115C7A5DB0025E56C /* MapViewController.xib in Resources */ = {isa = PBXBuildFile; fileRef = 92EC3E3F15C7A5DB0025E56C /* MapViewController.xib */; };
		92F0038715C46A7D00BE46C5 /* DataModel.m in Sources */ = {isa = PBXBuildFile; fileRef = 92F0038615C46A7D00BE46C5 /* DataModel.m */; };
		92FBED5315C3A85F000D1AE3 /* InfoPlist.strings in Resources */ = {isa = PBXBuildFile; fileRef = 92FBED5115C3A85F000D1AE3 /* InfoPlist.strings */; };
		92FBED5515C3A85F000D1AE3 /* main.m in Sources */ = {isa = PBXBuildFile; fileRef = 92FBED5415C3A85F000D1AE3 /* main.m */; };
		92FBED5915C3A85F000D1AE3 /* AppDelegate.m in Sources */ = {isa = PBXBuildFile; fileRef = 92FBED5815C3A85F000D1AE3 /* AppDelegate.m */; };
		92FBED6B15C3A85F000D1AE3 /* InfoPlist.strings in Resources */ = {isa = PBXBuildFile; fileRef = 92FBED6915C3A85F000D1AE3 /* InfoPlist.strings */; };
		92FBED6E15C3A85F000D1AE3 /* LikeMindedPeopleTests.m in Sources */ = {isa = PBXBuildFile; fileRef = 92FBED6D15C3A85F000D1AE3 /* LikeMindedPeopleTests.m */; };
		D31363B915C494510071BED3 /* FBDialog.bundle in Resources */ = {isa = PBXBuildFile; fileRef = D31363AC15C494510071BED3 /* FBDialog.bundle */; };
		D31363BF15C4947E0071BED3 /* Facebook+iCatalog.m in Sources */ = {isa = PBXBuildFile; fileRef = D31363BE15C4947E0071BED3 /* Facebook+iCatalog.m */; };
		D31363C215C494870071BED3 /* NSObject+DTRuntime.m in Sources */ = {isa = PBXBuildFile; fileRef = D31363C115C494870071BED3 /* NSObject+DTRuntime.m */; };
		D31363F915C4E6DE0071BED3 /* ServiceAdapter.m in Sources */ = {isa = PBXBuildFile; fileRef = D31363F815C4E6DE0071BED3 /* ServiceAdapter.m */; };
		D313641115C4E7300071BED3 /* AFHTTPClient.m in Sources */ = {isa = PBXBuildFile; fileRef = D31363FD15C4E72F0071BED3 /* AFHTTPClient.m */; settings = {COMPILER_FLAGS = "-fno-objc-arc"; }; };
		D313641215C4E7300071BED3 /* AFHTTPRequestOperation.m in Sources */ = {isa = PBXBuildFile; fileRef = D31363FF15C4E72F0071BED3 /* AFHTTPRequestOperation.m */; settings = {COMPILER_FLAGS = "-fno-objc-arc"; }; };
		D313641315C4E7300071BED3 /* AFImageRequestOperation.m in Sources */ = {isa = PBXBuildFile; fileRef = D313640115C4E72F0071BED3 /* AFImageRequestOperation.m */; settings = {COMPILER_FLAGS = "-fno-objc-arc"; }; };
		D313641415C4E7300071BED3 /* AFJSONRequestOperation.m in Sources */ = {isa = PBXBuildFile; fileRef = D313640315C4E72F0071BED3 /* AFJSONRequestOperation.m */; settings = {COMPILER_FLAGS = "-fno-objc-arc"; }; };
		D313641515C4E7300071BED3 /* AFJSONUtilities.m in Sources */ = {isa = PBXBuildFile; fileRef = D313640515C4E72F0071BED3 /* AFJSONUtilities.m */; settings = {COMPILER_FLAGS = "-fno-objc-arc"; }; };
		D313641615C4E7300071BED3 /* AFNetworkActivityIndicatorManager.m in Sources */ = {isa = PBXBuildFile; fileRef = D313640715C4E72F0071BED3 /* AFNetworkActivityIndicatorManager.m */; settings = {COMPILER_FLAGS = "-fno-objc-arc"; }; };
		D313641715C4E7300071BED3 /* AFPropertyListRequestOperation.m in Sources */ = {isa = PBXBuildFile; fileRef = D313640A15C4E72F0071BED3 /* AFPropertyListRequestOperation.m */; settings = {COMPILER_FLAGS = "-fno-objc-arc"; }; };
		D313641815C4E7300071BED3 /* AFURLConnectionOperation.m in Sources */ = {isa = PBXBuildFile; fileRef = D313640C15C4E72F0071BED3 /* AFURLConnectionOperation.m */; settings = {COMPILER_FLAGS = "-fno-objc-arc"; }; };
		D313641915C4E7300071BED3 /* AFXMLRequestOperation.m in Sources */ = {isa = PBXBuildFile; fileRef = D313640E15C4E72F0071BED3 /* AFXMLRequestOperation.m */; settings = {COMPILER_FLAGS = "-fno-objc-arc"; }; };
		D313641A15C4E7300071BED3 /* UIImageView+AFNetworking.m in Sources */ = {isa = PBXBuildFile; fileRef = D313641015C4E72F0071BED3 /* UIImageView+AFNetworking.m */; settings = {COMPILER_FLAGS = "-fno-objc-arc"; }; };
/* End PBXBuildFile section */

/* Begin PBXContainerItemProxy section */
		92FBED6415C3A85F000D1AE3 /* PBXContainerItemProxy */ = {
			isa = PBXContainerItemProxy;
			containerPortal = 92FBED3B15C3A85F000D1AE3 /* Project object */;
			proxyType = 1;
			remoteGlobalIDString = 92FBED4315C3A85F000D1AE3;
			remoteInfo = LikeMindedPeople;
		};
/* End PBXContainerItemProxy section */

/* Begin PBXFileReference section */
		921E91D415CC3D360033C8B1 /* SideBar.h */ = {isa = PBXFileReference; fileEncoding = 4; lastKnownFileType = sourcecode.c.h; name = SideBar.h; path = Classes/SideBar.h; sourceTree = "<group>"; };
		921E91D515CC3D360033C8B1 /* SideBar.m */ = {isa = PBXFileReference; fileEncoding = 4; lastKnownFileType = sourcecode.c.objc; name = SideBar.m; path = Classes/SideBar.m; sourceTree = "<group>"; };
		924FB9B515CAEAEF00E9E7C3 /* DetailView.h */ = {isa = PBXFileReference; fileEncoding = 4; lastKnownFileType = sourcecode.c.h; name = DetailView.h; path = Classes/DetailView.h; sourceTree = "<group>"; };
		924FB9B615CAEAEF00E9E7C3 /* DetailView.m */ = {isa = PBXFileReference; fileEncoding = 4; lastKnownFileType = sourcecode.c.objc; name = DetailView.m; path = Classes/DetailView.m; sourceTree = "<group>"; };
		9253043D15D642B400BC7FEF /* searchfield.png */ = {isa = PBXFileReference; lastKnownFileType = image.png; path = searchfield.png; sourceTree = "<group>"; };
		9253044015D643CF00BC7FEF /* cancel.png */ = {isa = PBXFileReference; lastKnownFileType = image.png; path = cancel.png; sourceTree = "<group>"; };
		9253044115D643CF00BC7FEF /* cancelpress.png */ = {isa = PBXFileReference; lastKnownFileType = image.png; path = cancelpress.png; sourceTree = "<group>"; };
		9253044615D7006000BC7FEF /* SearchView.xib */ = {isa = PBXFileReference; fileEncoding = 4; lastKnownFileType = file.xib; path = SearchView.xib; sourceTree = "<group>"; };
		9253044815D7007E00BC7FEF /* DetailView.xib */ = {isa = PBXFileReference; fileEncoding = 4; lastKnownFileType = file.xib; path = DetailView.xib; sourceTree = "<group>"; };
		9253044B15D73D6800BC7FEF /* SearchBar.xib */ = {isa = PBXFileReference; fileEncoding = 4; lastKnownFileType = file.xib; name = SearchBar.xib; path = Classes/SearchBar.xib; sourceTree = "<group>"; };
		9253044D15D74A3F00BC7FEF /* SearchViewDelegate.h */ = {isa = PBXFileReference; lastKnownFileType = sourcecode.c.h; name = SearchViewDelegate.h; path = Classes/SearchViewDelegate.h; sourceTree = "<group>"; };
		925AE7AC15C430F2008840D9 /* UIKit.framework */ = {isa = PBXFileReference; lastKnownFileType = wrapper.framework; name = UIKit.framework; path = System/Library/Frameworks/UIKit.framework; sourceTree = SDKROOT; };
		925AE7AD15C430F2008840D9 /* Foundation.framework */ = {isa = PBXFileReference; lastKnownFileType = wrapper.framework; name = Foundation.framework; path = System/Library/Frameworks/Foundation.framework; sourceTree = SDKROOT; };
		925AE7AE15C430F2008840D9 /* CoreGraphics.framework */ = {isa = PBXFileReference; lastKnownFileType = wrapper.framework; name = CoreGraphics.framework; path = System/Library/Frameworks/CoreGraphics.framework; sourceTree = SDKROOT; };
		925AE7AF15C430F2008840D9 /* CoreLocation.framework */ = {isa = PBXFileReference; lastKnownFileType = wrapper.framework; name = CoreLocation.framework; path = System/Library/Frameworks/CoreLocation.framework; sourceTree = SDKROOT; };
		925AE7B015C430F2008840D9 /* MapKit.framework */ = {isa = PBXFileReference; lastKnownFileType = wrapper.framework; name = MapKit.framework; path = System/Library/Frameworks/MapKit.framework; sourceTree = SDKROOT; };
		925AE7B115C430F2008840D9 /* CoreData.framework */ = {isa = PBXFileReference; lastKnownFileType = wrapper.framework; name = CoreData.framework; path = System/Library/Frameworks/CoreData.framework; sourceTree = SDKROOT; };
		925AE7B215C430F2008840D9 /* Security.framework */ = {isa = PBXFileReference; lastKnownFileType = wrapper.framework; name = Security.framework; path = System/Library/Frameworks/Security.framework; sourceTree = SDKROOT; };
		925AE7C315C43212008840D9 /* Common.framework */ = {isa = PBXFileReference; lastKnownFileType = wrapper.framework; path = Common.framework; sourceTree = "<group>"; };
		925AE7C615C43212008840D9 /* ContextCore.framework */ = {isa = PBXFileReference; lastKnownFileType = wrapper.framework; path = ContextCore.framework; sourceTree = "<group>"; };
		925AE7D615C43212008840D9 /* ContextLocation.framework */ = {isa = PBXFileReference; lastKnownFileType = wrapper.framework; path = ContextLocation.framework; sourceTree = "<group>"; };
		925AE7D915C43212008840D9 /* ContentModel.mom */ = {isa = PBXFileReference; lastKnownFileType = file.bplist; path = ContentModel.mom; sourceTree = "<group>"; };
		925AE7DA15C43212008840D9 /* ContentModel.omo */ = {isa = PBXFileReference; lastKnownFileType = file; path = ContentModel.omo; sourceTree = "<group>"; };
		925AE7DB15C43212008840D9 /* VersionInfo.plist */ = {isa = PBXFileReference; fileEncoding = 4; lastKnownFileType = text.plist.xml; path = VersionInfo.plist; sourceTree = "<group>"; };
		925AE7DD15C43212008840D9 /* PlaceOfRelevanceModel.mom */ = {isa = PBXFileReference; lastKnownFileType = file.bplist; path = PlaceOfRelevanceModel.mom; sourceTree = "<group>"; };
		925AE7DE15C43212008840D9 /* PlaceOfRelevanceModel.omo */ = {isa = PBXFileReference; lastKnownFileType = file; path = PlaceOfRelevanceModel.omo; sourceTree = "<group>"; };
		925AE7DF15C43212008840D9 /* VersionInfo.plist */ = {isa = PBXFileReference; fileEncoding = 4; lastKnownFileType = text.plist.xml; path = VersionInfo.plist; sourceTree = "<group>"; };
		925AE7E115C43212008840D9 /* Repository.mom */ = {isa = PBXFileReference; lastKnownFileType = file.bplist; path = Repository.mom; sourceTree = "<group>"; };
		925AE7E215C43212008840D9 /* Repository.omo */ = {isa = PBXFileReference; lastKnownFileType = file; path = Repository.omo; sourceTree = "<group>"; };
		925AE7E315C43212008840D9 /* VersionInfo.plist */ = {isa = PBXFileReference; fileEncoding = 4; lastKnownFileType = text.plist.xml; path = VersionInfo.plist; sourceTree = "<group>"; };
		925AE7E515C43212008840D9 /* ContextProfiling.framework */ = {isa = PBXFileReference; lastKnownFileType = wrapper.framework; path = ContextProfiling.framework; sourceTree = "<group>"; };
		925AE7E715C43212008840D9 /* rules.txt */ = {isa = PBXFileReference; fileEncoding = 4; lastKnownFileType = text; path = rules.txt; sourceTree = "<group>"; };
		925AE7E915C43212008840D9 /* NetworkServices.framework */ = {isa = PBXFileReference; lastKnownFileType = wrapper.framework; path = NetworkServices.framework; sourceTree = "<group>"; };
		925AE80B15C43F7D008840D9 /* MapKit.framework */ = {isa = PBXFileReference; lastKnownFileType = wrapper.framework; name = MapKit.framework; path = System/Library/Frameworks/MapKit.framework; sourceTree = SDKROOT; };
		925AE86E15C45924008840D9 /* UserContext.plist */ = {isa = PBXFileReference; fileEncoding = 4; lastKnownFileType = text.plist.xml; path = UserContext.plist; sourceTree = "<group>"; };
		925AE8C215C49075008840D9 /* LoginViewController.h */ = {isa = PBXFileReference; fileEncoding = 4; lastKnownFileType = sourcecode.c.h; path = LoginViewController.h; sourceTree = "<group>"; };
		925AE8C315C49075008840D9 /* LoginViewController.m */ = {isa = PBXFileReference; fileEncoding = 4; lastKnownFileType = sourcecode.c.objc; path = LoginViewController.m; sourceTree = "<group>"; };
		925AE8C415C49075008840D9 /* LoginViewController.xib */ = {isa = PBXFileReference; fileEncoding = 4; lastKnownFileType = file.xib; path = LoginViewController.xib; sourceTree = "<group>"; };
		925AE90515C4A077008840D9 /* lines.jpg */ = {isa = PBXFileReference; lastKnownFileType = image.jpeg; name = lines.jpg; path = ../lines.jpg; sourceTree = "<group>"; };
		925F9FDD15C5CE630081E098 /* 57icon.png */ = {isa = PBXFileReference; lastKnownFileType = image.png; name = 57icon.png; path = ../57icon.png; sourceTree = "<group>"; };
		925F9FDF15C5CE650081E098 /* 114icon.png */ = {isa = PBXFileReference; lastKnownFileType = image.png; name = 114icon.png; path = ../114icon.png; sourceTree = "<group>"; };
		9263F47515D5F70300B9B4A5 /* clubsbtn.png */ = {isa = PBXFileReference; lastKnownFileType = image.png; path = clubsbtn.png; sourceTree = "<group>"; };
		9263F47615D5F70300B9B4A5 /* cafebtn.png */ = {isa = PBXFileReference; lastKnownFileType = image.png; path = cafebtn.png; sourceTree = "<group>"; };
		9263F47715D5F70300B9B4A5 /* foodbtn3.png */ = {isa = PBXFileReference; lastKnownFileType = image.png; path = foodbtn3.png; sourceTree = "<group>"; };
		9263F47815D5F70300B9B4A5 /* clubsbtn3.png */ = {isa = PBXFileReference; lastKnownFileType = image.png; path = clubsbtn3.png; sourceTree = "<group>"; };
		9263F47915D5F70300B9B4A5 /* cafebtn3.png */ = {isa = PBXFileReference; lastKnownFileType = image.png; path = cafebtn3.png; sourceTree = "<group>"; };
		9263F47A15D5F70300B9B4A5 /* barsbtn3.png */ = {isa = PBXFileReference; lastKnownFileType = image.png; path = barsbtn3.png; sourceTree = "<group>"; };
		9263F47B15D5F70300B9B4A5 /* searchbtn3.png */ = {isa = PBXFileReference; lastKnownFileType = image.png; path = searchbtn3.png; sourceTree = "<group>"; };
		9263F47C15D5F70300B9B4A5 /* foodbtn2.png */ = {isa = PBXFileReference; lastKnownFileType = image.png; path = foodbtn2.png; sourceTree = "<group>"; };
		9263F47D15D5F70300B9B4A5 /* clubsbtn2.png */ = {isa = PBXFileReference; lastKnownFileType = image.png; path = clubsbtn2.png; sourceTree = "<group>"; };
		9263F47E15D5F70300B9B4A5 /* cafebtn2.png */ = {isa = PBXFileReference; lastKnownFileType = image.png; path = cafebtn2.png; sourceTree = "<group>"; };
		9263F47F15D5F70300B9B4A5 /* barsbtn2.png */ = {isa = PBXFileReference; lastKnownFileType = image.png; path = barsbtn2.png; sourceTree = "<group>"; };
		9263F48015D5F70300B9B4A5 /* foodbtn.png */ = {isa = PBXFileReference; lastKnownFileType = image.png; path = foodbtn.png; sourceTree = "<group>"; };
		9263F48115D5F70300B9B4A5 /* barsbtn.png */ = {isa = PBXFileReference; lastKnownFileType = image.png; path = barsbtn.png; sourceTree = "<group>"; };
		9263F48215D5F70300B9B4A5 /* searchbtn.png */ = {isa = PBXFileReference; lastKnownFileType = image.png; path = searchbtn.png; sourceTree = "<group>"; };
		9263F48315D5F70300B9B4A5 /* searchbtn2.png */ = {isa = PBXFileReference; lastKnownFileType = image.png; path = searchbtn2.png; sourceTree = "<group>"; };
		9263F49315D6209100B9B4A5 /* fullscreenglow.png */ = {isa = PBXFileReference; lastKnownFileType = image.png; path = fullscreenglow.png; sourceTree = "<group>"; };
		9263F49415D6209100B9B4A5 /* minimizeglow.png */ = {isa = PBXFileReference; lastKnownFileType = image.png; path = minimizeglow.png; sourceTree = "<group>"; };
		9263F49715D6209E00B9B4A5 /* fullscreen.png */ = {isa = PBXFileReference; lastKnownFileType = image.png; path = fullscreen.png; sourceTree = "<group>"; };
		9263F49815D6209E00B9B4A5 /* minimize.png */ = {isa = PBXFileReference; lastKnownFileType = image.png; path = minimize.png; sourceTree = "<group>"; };
		9263F49B15D62C2A00B9B4A5 /* headerbg.png */ = {isa = PBXFileReference; lastKnownFileType = image.png; path = headerbg.png; sourceTree = "<group>"; };
		9263F49D15D62EA500B9B4A5 /* loginbg.png */ = {isa = PBXFileReference; lastKnownFileType = image.png; path = loginbg.png; sourceTree = "<group>"; };
		9263F49F15D62F3E00B9B4A5 /* facebook.png */ = {isa = PBXFileReference; lastKnownFileType = image.png; path = facebook.png; sourceTree = "<group>"; };
		9263F4A215D62FA600B9B4A5 /* fblogo.png */ = {isa = PBXFileReference; lastKnownFileType = image.png; path = fblogo.png; sourceTree = "<group>"; };
		9263F4A415D62FF400B9B4A5 /* loginlogo.png */ = {isa = PBXFileReference; lastKnownFileType = image.png; path = loginlogo.png; sourceTree = "<group>"; };
		926FEAF715CB99510053FD1D /* RadiiResultDTO.h */ = {isa = PBXFileReference; fileEncoding = 4; lastKnownFileType = sourcecode.c.h; path = RadiiResultDTO.h; sourceTree = "<group>"; };
		926FEAF815CB99510053FD1D /* RadiiResultDTO.m */ = {isa = PBXFileReference; fileEncoding = 4; lastKnownFileType = sourcecode.c.objc; path = RadiiResultDTO.m; sourceTree = "<group>"; };
		9282BF4215D0EA2E0065984F /* GeofenceRegion.h */ = {isa = PBXFileReference; fileEncoding = 4; lastKnownFileType = sourcecode.c.h; name = GeofenceRegion.h; path = Classes/GeofenceRegion.h; sourceTree = "<group>"; };
		9282BF4315D0EA2E0065984F /* GeofenceRegion.m */ = {isa = PBXFileReference; fileEncoding = 4; lastKnownFileType = sourcecode.c.objc; name = GeofenceRegion.m; path = Classes/GeofenceRegion.m; sourceTree = "<group>"; };
		9290AE8415C837B800E91D61 /* SearchBar.h */ = {isa = PBXFileReference; fileEncoding = 4; lastKnownFileType = sourcecode.c.h; path = SearchBar.h; sourceTree = "<group>"; };
		9290AE8515C837B800E91D61 /* SearchBar.m */ = {isa = PBXFileReference; fileEncoding = 4; lastKnownFileType = sourcecode.c.objc; path = SearchBar.m; sourceTree = "<group>"; };
		9290AE8815C84C1500E91D61 /* SearchView.h */ = {isa = PBXFileReference; fileEncoding = 4; lastKnownFileType = sourcecode.c.h; path = SearchView.h; sourceTree = "<group>"; };
		9290AE8915C84C1500E91D61 /* SearchView.m */ = {isa = PBXFileReference; fileEncoding = 4; lastKnownFileType = sourcecode.c.objc; path = SearchView.m; sourceTree = "<group>"; };
		9296F5AC15CF5BBF0091A692 /* ServerKeys.h */ = {isa = PBXFileReference; lastKnownFileType = sourcecode.c.h; name = ServerKeys.h; path = Resources/ServerKeys.h; sourceTree = "<group>"; };
		92A19A7715D24ED300B28279 /* RadiiPinView.h */ = {isa = PBXFileReference; fileEncoding = 4; lastKnownFileType = sourcecode.c.h; name = RadiiPinView.h; path = Classes/RadiiPinView.h; sourceTree = "<group>"; };
		92A19A7815D24ED300B28279 /* RadiiPinView.m */ = {isa = PBXFileReference; fileEncoding = 4; lastKnownFileType = sourcecode.c.objc; name = RadiiPinView.m; path = Classes/RadiiPinView.m; sourceTree = "<group>"; };
		92A19A8915D3946D00B28279 /* headerlogoandbg.png */ = {isa = PBXFileReference; lastKnownFileType = image.png; path = headerlogoandbg.png; sourceTree = "<group>"; };
		92A19A8B15D39B4E00B28279 /* bars_pin.png */ = {isa = PBXFileReference; lastKnownFileType = image.png; path = bars_pin.png; sourceTree = "<group>"; };
		92A19A8C15D39B4E00B28279 /* cafe_pin.png */ = {isa = PBXFileReference; lastKnownFileType = image.png; path = cafe_pin.png; sourceTree = "<group>"; };
		92A19A8D15D39B4E00B28279 /* club_pin.png */ = {isa = PBXFileReference; lastKnownFileType = image.png; path = club_pin.png; sourceTree = "<group>"; };
		92A19A8E15D39B4E00B28279 /* food_pin.png */ = {isa = PBXFileReference; lastKnownFileType = image.png; path = food_pin.png; sourceTree = "<group>"; };
		92A19A9315D41EC400B28279 /* me_pin.png */ = {isa = PBXFileReference; lastKnownFileType = image.png; path = me_pin.png; sourceTree = "<group>"; };
		92D8511715C5BEAD00579B05 /* GeofenceLocation.h */ = {isa = PBXFileReference; fileEncoding = 4; lastKnownFileType = sourcecode.c.h; path = GeofenceLocation.h; sourceTree = "<group>"; };
		92D8511815C5BEAD00579B05 /* GeofenceLocation.m */ = {isa = PBXFileReference; fileEncoding = 4; lastKnownFileType = sourcecode.c.objc; path = GeofenceLocation.m; sourceTree = "<group>"; };
		92EBF30415C593FB0085C47E /* NSObject+SBJson.h */ = {isa = PBXFileReference; fileEncoding = 4; lastKnownFileType = sourcecode.c.h; path = "NSObject+SBJson.h"; sourceTree = "<group>"; };
		92EBF30515C593FB0085C47E /* NSObject+SBJson.m */ = {isa = PBXFileReference; fileEncoding = 4; lastKnownFileType = sourcecode.c.objc; path = "NSObject+SBJson.m"; sourceTree = "<group>"; };
		92EBF30615C593FB0085C47E /* SBJson.h */ = {isa = PBXFileReference; fileEncoding = 4; lastKnownFileType = sourcecode.c.h; path = SBJson.h; sourceTree = "<group>"; };
		92EBF30715C593FB0085C47E /* SBJsonParser.h */ = {isa = PBXFileReference; fileEncoding = 4; lastKnownFileType = sourcecode.c.h; path = SBJsonParser.h; sourceTree = "<group>"; };
		92EBF30815C593FB0085C47E /* SBJsonParser.m */ = {isa = PBXFileReference; fileEncoding = 4; lastKnownFileType = sourcecode.c.objc; path = SBJsonParser.m; sourceTree = "<group>"; };
		92EBF30915C593FB0085C47E /* SBJsonStreamParser.h */ = {isa = PBXFileReference; fileEncoding = 4; lastKnownFileType = sourcecode.c.h; path = SBJsonStreamParser.h; sourceTree = "<group>"; };
		92EBF30A15C593FB0085C47E /* SBJsonStreamParser.m */ = {isa = PBXFileReference; fileEncoding = 4; lastKnownFileType = sourcecode.c.objc; path = SBJsonStreamParser.m; sourceTree = "<group>"; };
		92EBF30B15C593FB0085C47E /* SBJsonStreamParserAccumulator.h */ = {isa = PBXFileReference; fileEncoding = 4; lastKnownFileType = sourcecode.c.h; path = SBJsonStreamParserAccumulator.h; sourceTree = "<group>"; };
		92EBF30C15C593FB0085C47E /* SBJsonStreamParserAccumulator.m */ = {isa = PBXFileReference; fileEncoding = 4; lastKnownFileType = sourcecode.c.objc; path = SBJsonStreamParserAccumulator.m; sourceTree = "<group>"; };
		92EBF30D15C593FB0085C47E /* SBJsonStreamParserAdapter.h */ = {isa = PBXFileReference; fileEncoding = 4; lastKnownFileType = sourcecode.c.h; path = SBJsonStreamParserAdapter.h; sourceTree = "<group>"; };
		92EBF30E15C593FB0085C47E /* SBJsonStreamParserAdapter.m */ = {isa = PBXFileReference; fileEncoding = 4; lastKnownFileType = sourcecode.c.objc; path = SBJsonStreamParserAdapter.m; sourceTree = "<group>"; };
		92EBF30F15C593FB0085C47E /* SBJsonStreamParserState.h */ = {isa = PBXFileReference; fileEncoding = 4; lastKnownFileType = sourcecode.c.h; path = SBJsonStreamParserState.h; sourceTree = "<group>"; };
		92EBF31015C593FB0085C47E /* SBJsonStreamParserState.m */ = {isa = PBXFileReference; fileEncoding = 4; lastKnownFileType = sourcecode.c.objc; path = SBJsonStreamParserState.m; sourceTree = "<group>"; };
		92EBF31115C593FB0085C47E /* SBJsonStreamWriter.h */ = {isa = PBXFileReference; fileEncoding = 4; lastKnownFileType = sourcecode.c.h; path = SBJsonStreamWriter.h; sourceTree = "<group>"; };
		92EBF31215C593FB0085C47E /* SBJsonStreamWriter.m */ = {isa = PBXFileReference; fileEncoding = 4; lastKnownFileType = sourcecode.c.objc; path = SBJsonStreamWriter.m; sourceTree = "<group>"; };
		92EBF31315C593FB0085C47E /* SBJsonStreamWriterAccumulator.h */ = {isa = PBXFileReference; fileEncoding = 4; lastKnownFileType = sourcecode.c.h; path = SBJsonStreamWriterAccumulator.h; sourceTree = "<group>"; };
		92EBF31415C593FB0085C47E /* SBJsonStreamWriterAccumulator.m */ = {isa = PBXFileReference; fileEncoding = 4; lastKnownFileType = sourcecode.c.objc; path = SBJsonStreamWriterAccumulator.m; sourceTree = "<group>"; };
		92EBF31515C593FB0085C47E /* SBJsonStreamWriterState.h */ = {isa = PBXFileReference; fileEncoding = 4; lastKnownFileType = sourcecode.c.h; path = SBJsonStreamWriterState.h; sourceTree = "<group>"; };
		92EBF31615C593FB0085C47E /* SBJsonStreamWriterState.m */ = {isa = PBXFileReference; fileEncoding = 4; lastKnownFileType = sourcecode.c.objc; path = SBJsonStreamWriterState.m; sourceTree = "<group>"; };
		92EBF31715C593FB0085C47E /* SBJsonTokeniser.h */ = {isa = PBXFileReference; fileEncoding = 4; lastKnownFileType = sourcecode.c.h; path = SBJsonTokeniser.h; sourceTree = "<group>"; };
		92EBF31815C593FB0085C47E /* SBJsonTokeniser.m */ = {isa = PBXFileReference; fileEncoding = 4; lastKnownFileType = sourcecode.c.objc; path = SBJsonTokeniser.m; sourceTree = "<group>"; };
		92EBF31915C593FB0085C47E /* SBJsonUTF8Stream.h */ = {isa = PBXFileReference; fileEncoding = 4; lastKnownFileType = sourcecode.c.h; path = SBJsonUTF8Stream.h; sourceTree = "<group>"; };
		92EBF31A15C593FB0085C47E /* SBJsonUTF8Stream.m */ = {isa = PBXFileReference; fileEncoding = 4; lastKnownFileType = sourcecode.c.objc; path = SBJsonUTF8Stream.m; sourceTree = "<group>"; };
		92EBF31B15C593FB0085C47E /* SBJsonWriter.h */ = {isa = PBXFileReference; fileEncoding = 4; lastKnownFileType = sourcecode.c.h; path = SBJsonWriter.h; sourceTree = "<group>"; };
		92EBF31C15C593FB0085C47E /* SBJsonWriter.m */ = {isa = PBXFileReference; fileEncoding = 4; lastKnownFileType = sourcecode.c.objc; path = SBJsonWriter.m; sourceTree = "<group>"; };
		92EBF32E15C5992D0085C47E /* TDBadgedCell.h */ = {isa = PBXFileReference; fileEncoding = 4; lastKnownFileType = sourcecode.c.h; path = TDBadgedCell.h; sourceTree = "<group>"; };
		92EBF32F15C5992E0085C47E /* TDBadgedCell.m */ = {isa = PBXFileReference; fileEncoding = 4; lastKnownFileType = sourcecode.c.objc; path = TDBadgedCell.m; sourceTree = "<group>"; };
		92EBF33515C59B2D0085C47E /* QuartzCore.framework */ = {isa = PBXFileReference; lastKnownFileType = wrapper.framework; name = QuartzCore.framework; path = System/Library/Frameworks/QuartzCore.framework; sourceTree = SDKROOT; };
		92EBF33715C59FC80085C47E /* backbtn.jpg */ = {isa = PBXFileReference; lastKnownFileType = image.jpeg; path = backbtn.jpg; sourceTree = "<group>"; };
		92EBF34415C5B8A30085C47E /* mapgraphic.png */ = {isa = PBXFileReference; lastKnownFileType = image.png; path = mapgraphic.png; sourceTree = "<group>"; };
		92EBF34C15C5C04B0085C47E /* backactive.png */ = {isa = PBXFileReference; lastKnownFileType = image.png; path = backactive.png; sourceTree = "<group>"; };
		92EBF34E15C5C0990085C47E /* bg.png */ = {isa = PBXFileReference; lastKnownFileType = image.png; path = bg.png; sourceTree = "<group>"; };
		92EC3E3D15C7A5DB0025E56C /* MapViewController.h */ = {isa = PBXFileReference; fileEncoding = 4; lastKnownFileType = sourcecode.c.h; path = MapViewController.h; sourceTree = "<group>"; };
		92EC3E3E15C7A5DB0025E56C /* MapViewController.m */ = {isa = PBXFileReference; fileEncoding = 4; lastKnownFileType = sourcecode.c.objc; path = MapViewController.m; sourceTree = "<group>"; };
		92EC3E3F15C7A5DB0025E56C /* MapViewController.xib */ = {isa = PBXFileReference; fileEncoding = 4; lastKnownFileType = file.xib; path = MapViewController.xib; sourceTree = "<group>"; };
		92F0038515C46A7D00BE46C5 /* DataModel.h */ = {isa = PBXFileReference; fileEncoding = 4; lastKnownFileType = sourcecode.c.h; path = DataModel.h; sourceTree = "<group>"; };
		92F0038615C46A7D00BE46C5 /* DataModel.m */ = {isa = PBXFileReference; fileEncoding = 4; lastKnownFileType = sourcecode.c.objc; path = DataModel.m; sourceTree = "<group>"; };
		92FBED4415C3A85F000D1AE3 /* LikeMindedPeople.app */ = {isa = PBXFileReference; explicitFileType = wrapper.application; includeInIndex = 0; path = LikeMindedPeople.app; sourceTree = BUILT_PRODUCTS_DIR; };
		92FBED5015C3A85F000D1AE3 /* LikeMindedPeople-Info.plist */ = {isa = PBXFileReference; lastKnownFileType = text.plist.xml; path = "LikeMindedPeople-Info.plist"; sourceTree = "<group>"; };
		92FBED5215C3A85F000D1AE3 /* en */ = {isa = PBXFileReference; lastKnownFileType = text.plist.strings; name = en; path = en.lproj/InfoPlist.strings; sourceTree = "<group>"; };
		92FBED5415C3A85F000D1AE3 /* main.m */ = {isa = PBXFileReference; lastKnownFileType = sourcecode.c.objc; path = main.m; sourceTree = "<group>"; };
		92FBED5615C3A85F000D1AE3 /* LikeMindedPeople-Prefix.pch */ = {isa = PBXFileReference; lastKnownFileType = sourcecode.c.h; path = "LikeMindedPeople-Prefix.pch"; sourceTree = "<group>"; };
		92FBED5715C3A85F000D1AE3 /* AppDelegate.h */ = {isa = PBXFileReference; lastKnownFileType = sourcecode.c.h; path = AppDelegate.h; sourceTree = "<group>"; };
		92FBED5815C3A85F000D1AE3 /* AppDelegate.m */ = {isa = PBXFileReference; lastKnownFileType = sourcecode.c.objc; path = AppDelegate.m; sourceTree = "<group>"; };
		92FBED5F15C3A85F000D1AE3 /* LikeMindedPeopleTests.octest */ = {isa = PBXFileReference; explicitFileType = wrapper.cfbundle; includeInIndex = 0; path = LikeMindedPeopleTests.octest; sourceTree = BUILT_PRODUCTS_DIR; };
		92FBED6815C3A85F000D1AE3 /* LikeMindedPeopleTests-Info.plist */ = {isa = PBXFileReference; lastKnownFileType = text.plist.xml; path = "LikeMindedPeopleTests-Info.plist"; sourceTree = "<group>"; };
		92FBED6A15C3A85F000D1AE3 /* en */ = {isa = PBXFileReference; lastKnownFileType = text.plist.strings; name = en; path = en.lproj/InfoPlist.strings; sourceTree = "<group>"; };
		92FBED6C15C3A85F000D1AE3 /* LikeMindedPeopleTests.h */ = {isa = PBXFileReference; lastKnownFileType = sourcecode.c.h; path = LikeMindedPeopleTests.h; sourceTree = "<group>"; };
		92FBED6D15C3A85F000D1AE3 /* LikeMindedPeopleTests.m */ = {isa = PBXFileReference; lastKnownFileType = sourcecode.c.objc; path = LikeMindedPeopleTests.m; sourceTree = "<group>"; };
		D31363AA15C494510071BED3 /* Facebook.h */ = {isa = PBXFileReference; fileEncoding = 4; lastKnownFileType = sourcecode.c.h; path = Facebook.h; sourceTree = "<group>"; };
		D31363AB15C494510071BED3 /* FBConnect.h */ = {isa = PBXFileReference; fileEncoding = 4; lastKnownFileType = sourcecode.c.h; path = FBConnect.h; sourceTree = "<group>"; };
		D31363AC15C494510071BED3 /* FBDialog.bundle */ = {isa = PBXFileReference; lastKnownFileType = "wrapper.plug-in"; path = FBDialog.bundle; sourceTree = "<group>"; };
		D31363AD15C494510071BED3 /* FBDialog.h */ = {isa = PBXFileReference; fileEncoding = 4; lastKnownFileType = sourcecode.c.h; path = FBDialog.h; sourceTree = "<group>"; };
		D31363AE15C494510071BED3 /* FBFrictionlessRequestSettings.h */ = {isa = PBXFileReference; fileEncoding = 4; lastKnownFileType = sourcecode.c.h; path = FBFrictionlessRequestSettings.h; sourceTree = "<group>"; };
		D31363AF15C494510071BED3 /* FBLoginDialog.h */ = {isa = PBXFileReference; fileEncoding = 4; lastKnownFileType = sourcecode.c.h; path = FBLoginDialog.h; sourceTree = "<group>"; };
		D31363B015C494510071BED3 /* FBRequest.h */ = {isa = PBXFileReference; fileEncoding = 4; lastKnownFileType = sourcecode.c.h; path = FBRequest.h; sourceTree = "<group>"; };
		D31363B115C494510071BED3 /* JSON.h */ = {isa = PBXFileReference; fileEncoding = 4; lastKnownFileType = sourcecode.c.h; path = JSON.h; sourceTree = "<group>"; };
		D31363B215C494510071BED3 /* libfacebook_ios_sdk.a */ = {isa = PBXFileReference; lastKnownFileType = archive.ar; path = libfacebook_ios_sdk.a; sourceTree = "<group>"; };
		D31363B315C494510071BED3 /* NSObject+SBJSON.h */ = {isa = PBXFileReference; fileEncoding = 4; lastKnownFileType = sourcecode.c.h; path = "NSObject+SBJSON.h"; sourceTree = "<group>"; };
		D31363B415C494510071BED3 /* NSString+SBJSON.h */ = {isa = PBXFileReference; fileEncoding = 4; lastKnownFileType = sourcecode.c.h; path = "NSString+SBJSON.h"; sourceTree = "<group>"; };
		D31363B515C494510071BED3 /* SBJSON.h */ = {isa = PBXFileReference; fileEncoding = 4; lastKnownFileType = sourcecode.c.h; path = SBJSON.h; sourceTree = "<group>"; };
		D31363B615C494510071BED3 /* SBJsonBase.h */ = {isa = PBXFileReference; fileEncoding = 4; lastKnownFileType = sourcecode.c.h; path = SBJsonBase.h; sourceTree = "<group>"; };
		D31363B715C494510071BED3 /* SBJsonParser.h */ = {isa = PBXFileReference; fileEncoding = 4; lastKnownFileType = sourcecode.c.h; path = SBJsonParser.h; sourceTree = "<group>"; };
		D31363B815C494510071BED3 /* SBJsonWriter.h */ = {isa = PBXFileReference; fileEncoding = 4; lastKnownFileType = sourcecode.c.h; path = SBJsonWriter.h; sourceTree = "<group>"; };
		D31363BD15C4947E0071BED3 /* Facebook+iCatalog.h */ = {isa = PBXFileReference; fileEncoding = 4; lastKnownFileType = sourcecode.c.h; path = "Facebook+iCatalog.h"; sourceTree = "<group>"; };
		D31363BE15C4947E0071BED3 /* Facebook+iCatalog.m */ = {isa = PBXFileReference; fileEncoding = 4; lastKnownFileType = sourcecode.c.objc; path = "Facebook+iCatalog.m"; sourceTree = "<group>"; };
		D31363C015C494870071BED3 /* NSObject+DTRuntime.h */ = {isa = PBXFileReference; fileEncoding = 4; lastKnownFileType = sourcecode.c.h; path = "NSObject+DTRuntime.h"; sourceTree = "<group>"; };
		D31363C115C494870071BED3 /* NSObject+DTRuntime.m */ = {isa = PBXFileReference; fileEncoding = 4; lastKnownFileType = sourcecode.c.objc; path = "NSObject+DTRuntime.m"; sourceTree = "<group>"; };
		D31363F715C4E6DE0071BED3 /* ServiceAdapter.h */ = {isa = PBXFileReference; fileEncoding = 4; lastKnownFileType = sourcecode.c.h; path = ServiceAdapter.h; sourceTree = "<group>"; };
		D31363F815C4E6DE0071BED3 /* ServiceAdapter.m */ = {isa = PBXFileReference; fileEncoding = 4; lastKnownFileType = sourcecode.c.objc; path = ServiceAdapter.m; sourceTree = "<group>"; };
		D31363FC15C4E72F0071BED3 /* AFHTTPClient.h */ = {isa = PBXFileReference; fileEncoding = 4; lastKnownFileType = sourcecode.c.h; path = AFHTTPClient.h; sourceTree = "<group>"; };
		D31363FD15C4E72F0071BED3 /* AFHTTPClient.m */ = {isa = PBXFileReference; fileEncoding = 4; lastKnownFileType = sourcecode.c.objc; path = AFHTTPClient.m; sourceTree = "<group>"; };
		D31363FE15C4E72F0071BED3 /* AFHTTPRequestOperation.h */ = {isa = PBXFileReference; fileEncoding = 4; lastKnownFileType = sourcecode.c.h; path = AFHTTPRequestOperation.h; sourceTree = "<group>"; };
		D31363FF15C4E72F0071BED3 /* AFHTTPRequestOperation.m */ = {isa = PBXFileReference; fileEncoding = 4; lastKnownFileType = sourcecode.c.objc; path = AFHTTPRequestOperation.m; sourceTree = "<group>"; };
		D313640015C4E72F0071BED3 /* AFImageRequestOperation.h */ = {isa = PBXFileReference; fileEncoding = 4; lastKnownFileType = sourcecode.c.h; path = AFImageRequestOperation.h; sourceTree = "<group>"; };
		D313640115C4E72F0071BED3 /* AFImageRequestOperation.m */ = {isa = PBXFileReference; fileEncoding = 4; lastKnownFileType = sourcecode.c.objc; path = AFImageRequestOperation.m; sourceTree = "<group>"; };
		D313640215C4E72F0071BED3 /* AFJSONRequestOperation.h */ = {isa = PBXFileReference; fileEncoding = 4; lastKnownFileType = sourcecode.c.h; path = AFJSONRequestOperation.h; sourceTree = "<group>"; };
		D313640315C4E72F0071BED3 /* AFJSONRequestOperation.m */ = {isa = PBXFileReference; fileEncoding = 4; lastKnownFileType = sourcecode.c.objc; path = AFJSONRequestOperation.m; sourceTree = "<group>"; };
		D313640415C4E72F0071BED3 /* AFJSONUtilities.h */ = {isa = PBXFileReference; fileEncoding = 4; lastKnownFileType = sourcecode.c.h; path = AFJSONUtilities.h; sourceTree = "<group>"; };
		D313640515C4E72F0071BED3 /* AFJSONUtilities.m */ = {isa = PBXFileReference; fileEncoding = 4; lastKnownFileType = sourcecode.c.objc; path = AFJSONUtilities.m; sourceTree = "<group>"; };
		D313640615C4E72F0071BED3 /* AFNetworkActivityIndicatorManager.h */ = {isa = PBXFileReference; fileEncoding = 4; lastKnownFileType = sourcecode.c.h; path = AFNetworkActivityIndicatorManager.h; sourceTree = "<group>"; };
		D313640715C4E72F0071BED3 /* AFNetworkActivityIndicatorManager.m */ = {isa = PBXFileReference; fileEncoding = 4; lastKnownFileType = sourcecode.c.objc; path = AFNetworkActivityIndicatorManager.m; sourceTree = "<group>"; };
		D313640815C4E72F0071BED3 /* AFNetworking.h */ = {isa = PBXFileReference; fileEncoding = 4; lastKnownFileType = sourcecode.c.h; path = AFNetworking.h; sourceTree = "<group>"; };
		D313640915C4E72F0071BED3 /* AFPropertyListRequestOperation.h */ = {isa = PBXFileReference; fileEncoding = 4; lastKnownFileType = sourcecode.c.h; path = AFPropertyListRequestOperation.h; sourceTree = "<group>"; };
		D313640A15C4E72F0071BED3 /* AFPropertyListRequestOperation.m */ = {isa = PBXFileReference; fileEncoding = 4; lastKnownFileType = sourcecode.c.objc; path = AFPropertyListRequestOperation.m; sourceTree = "<group>"; };
		D313640B15C4E72F0071BED3 /* AFURLConnectionOperation.h */ = {isa = PBXFileReference; fileEncoding = 4; lastKnownFileType = sourcecode.c.h; path = AFURLConnectionOperation.h; sourceTree = "<group>"; };
		D313640C15C4E72F0071BED3 /* AFURLConnectionOperation.m */ = {isa = PBXFileReference; fileEncoding = 4; lastKnownFileType = sourcecode.c.objc; path = AFURLConnectionOperation.m; sourceTree = "<group>"; };
		D313640D15C4E72F0071BED3 /* AFXMLRequestOperation.h */ = {isa = PBXFileReference; fileEncoding = 4; lastKnownFileType = sourcecode.c.h; path = AFXMLRequestOperation.h; sourceTree = "<group>"; };
		D313640E15C4E72F0071BED3 /* AFXMLRequestOperation.m */ = {isa = PBXFileReference; fileEncoding = 4; lastKnownFileType = sourcecode.c.objc; path = AFXMLRequestOperation.m; sourceTree = "<group>"; };
		D313640F15C4E72F0071BED3 /* UIImageView+AFNetworking.h */ = {isa = PBXFileReference; fileEncoding = 4; lastKnownFileType = sourcecode.c.h; path = "UIImageView+AFNetworking.h"; sourceTree = "<group>"; };
		D313641015C4E72F0071BED3 /* UIImageView+AFNetworking.m */ = {isa = PBXFileReference; fileEncoding = 4; lastKnownFileType = sourcecode.c.objc; path = "UIImageView+AFNetworking.m"; sourceTree = "<group>"; };
/* End PBXFileReference section */

/* Begin PBXFrameworksBuildPhase section */
		92FBED4115C3A85F000D1AE3 /* Frameworks */ = {
			isa = PBXFrameworksBuildPhase;
			buildActionMask = 2147483647;
			files = (
				925AE7B315C430F2008840D9 /* UIKit.framework in Frameworks */,
				925AE7B415C430F2008840D9 /* Foundation.framework in Frameworks */,
				925AE7B515C430F2008840D9 /* CoreGraphics.framework in Frameworks */,
				925AE7B615C430F2008840D9 /* CoreLocation.framework in Frameworks */,
				925AE7B715C430F2008840D9 /* MapKit.framework in Frameworks */,
				925AE7B815C430F2008840D9 /* CoreData.framework in Frameworks */,
				925AE7B915C430F2008840D9 /* Security.framework in Frameworks */,
				925AE7EB15C43212008840D9 /* Common.framework in Frameworks */,
				925AE7EC15C43212008840D9 /* ContextCore.framework in Frameworks */,
				925AE7F815C43212008840D9 /* ContextLocation.framework in Frameworks */,
				925AE80215C43213008840D9 /* ContextProfiling.framework in Frameworks */,
				925AE80415C43213008840D9 /* NetworkServices.framework in Frameworks */,
				9226EDE515C6F09E0081D01C /* libfacebook_ios_sdk.a in Frameworks */,
				92EBF33615C59B2D0085C47E /* QuartzCore.framework in Frameworks */,
			);
			runOnlyForDeploymentPostprocessing = 0;
		};
		92FBED5B15C3A85F000D1AE3 /* Frameworks */ = {
			isa = PBXFrameworksBuildPhase;
			buildActionMask = 2147483647;
			files = (
			);
			runOnlyForDeploymentPostprocessing = 0;
		};
/* End PBXFrameworksBuildPhase section */

/* Begin PBXGroup section */
		9253044A15D73C6C00BC7FEF /* Search View */ = {
			isa = PBXGroup;
			children = (
				9290AE8815C84C1500E91D61 /* SearchView.h */,
				9290AE8915C84C1500E91D61 /* SearchView.m */,
				9253044615D7006000BC7FEF /* SearchView.xib */,
				9253044D15D74A3F00BC7FEF /* SearchViewDelegate.h */,
				9290AE8415C837B800E91D61 /* SearchBar.h */,
				9290AE8515C837B800E91D61 /* SearchBar.m */,
				9253044B15D73D6800BC7FEF /* SearchBar.xib */,
			);
			name = "Search View";
			sourceTree = "<group>";
		};
		925AE7C115C43212008840D9 /* context-beta-ios-sdk */ = {
			isa = PBXGroup;
			children = (
				925AE7C215C43212008840D9 /* Common.embeddedframework */,
				925AE7C515C43212008840D9 /* ContextCore.embeddedframework */,
				925AE7D515C43212008840D9 /* ContextLocation.embeddedframework */,
				925AE7E415C43212008840D9 /* ContextProfiling.embeddedframework */,
				925AE7E815C43212008840D9 /* NetworkServices.embeddedframework */,
			);
			path = "context-beta-ios-sdk";
			sourceTree = "<group>";
		};
		925AE7C215C43212008840D9 /* Common.embeddedframework */ = {
			isa = PBXGroup;
			children = (
				925AE7C315C43212008840D9 /* Common.framework */,
				925AE7C415C43212008840D9 /* Resources */,
			);
			path = Common.embeddedframework;
			sourceTree = "<group>";
		};
		925AE7C415C43212008840D9 /* Resources */ = {
			isa = PBXGroup;
			children = (
			);
			path = Resources;
			sourceTree = "<group>";
		};
		925AE7C515C43212008840D9 /* ContextCore.embeddedframework */ = {
			isa = PBXGroup;
			children = (
				925AE7C615C43212008840D9 /* ContextCore.framework */,
				925AE7C715C43212008840D9 /* Resources */,
			);
			path = ContextCore.embeddedframework;
			sourceTree = "<group>";
		};
		925AE7C715C43212008840D9 /* Resources */ = {
			isa = PBXGroup;
			children = (
			);
			path = Resources;
			sourceTree = "<group>";
		};
		925AE7D515C43212008840D9 /* ContextLocation.embeddedframework */ = {
			isa = PBXGroup;
			children = (
				925AE7D615C43212008840D9 /* ContextLocation.framework */,
				925AE7D715C43212008840D9 /* Resources */,
			);
			path = ContextLocation.embeddedframework;
			sourceTree = "<group>";
		};
		925AE7D715C43212008840D9 /* Resources */ = {
			isa = PBXGroup;
			children = (
				925AE7D815C43212008840D9 /* ContentModel.momd */,
				925AE7DC15C43212008840D9 /* PlaceOfRelevanceModel.momd */,
				925AE7E015C43212008840D9 /* Repository.momd */,
			);
			path = Resources;
			sourceTree = "<group>";
		};
		925AE7D815C43212008840D9 /* ContentModel.momd */ = {
			isa = PBXGroup;
			children = (
				925AE7D915C43212008840D9 /* ContentModel.mom */,
				925AE7DA15C43212008840D9 /* ContentModel.omo */,
				925AE7DB15C43212008840D9 /* VersionInfo.plist */,
			);
			path = ContentModel.momd;
			sourceTree = "<group>";
		};
		925AE7DC15C43212008840D9 /* PlaceOfRelevanceModel.momd */ = {
			isa = PBXGroup;
			children = (
				925AE7DD15C43212008840D9 /* PlaceOfRelevanceModel.mom */,
				925AE7DE15C43212008840D9 /* PlaceOfRelevanceModel.omo */,
				925AE7DF15C43212008840D9 /* VersionInfo.plist */,
			);
			path = PlaceOfRelevanceModel.momd;
			sourceTree = "<group>";
		};
		925AE7E015C43212008840D9 /* Repository.momd */ = {
			isa = PBXGroup;
			children = (
				925AE7E115C43212008840D9 /* Repository.mom */,
				925AE7E215C43212008840D9 /* Repository.omo */,
				925AE7E315C43212008840D9 /* VersionInfo.plist */,
			);
			path = Repository.momd;
			sourceTree = "<group>";
		};
		925AE7E415C43212008840D9 /* ContextProfiling.embeddedframework */ = {
			isa = PBXGroup;
			children = (
				925AE7E515C43212008840D9 /* ContextProfiling.framework */,
				925AE7E615C43212008840D9 /* Resources */,
			);
			path = ContextProfiling.embeddedframework;
			sourceTree = "<group>";
		};
		925AE7E615C43212008840D9 /* Resources */ = {
			isa = PBXGroup;
			children = (
				925AE7E715C43212008840D9 /* rules.txt */,
			);
			path = Resources;
			sourceTree = "<group>";
		};
		925AE7E815C43212008840D9 /* NetworkServices.embeddedframework */ = {
			isa = PBXGroup;
			children = (
				925AE7E915C43212008840D9 /* NetworkServices.framework */,
				925AE7EA15C43212008840D9 /* Resources */,
			);
			path = NetworkServices.embeddedframework;
			sourceTree = "<group>";
		};
		925AE7EA15C43212008840D9 /* Resources */ = {
			isa = PBXGroup;
			children = (
			);
			path = Resources;
			sourceTree = "<group>";
		};
		925AE8AD15C476E4008840D9 /* Resources */ = {
			isa = PBXGroup;
			children = (
				9263F4A115D62FA000B9B4A5 /* Logo */,
				92A19A7B15D2504500B28279 /* Pins */,
				9282BF1E15D0E28A0065984F /* Backgrounds */,
				9282BF1F15D0E2AE0065984F /* Buttons */,
			);
			path = Resources;
			sourceTree = "<group>";
		};
		9263F4A115D62FA000B9B4A5 /* Logo */ = {
			isa = PBXGroup;
			children = (
				9263F4A415D62FF400B9B4A5 /* loginlogo.png */,
				9263F4A215D62FA600B9B4A5 /* fblogo.png */,
			);
			name = Logo;
			sourceTree = "<group>";
		};
		9282BF1E15D0E28A0065984F /* Backgrounds */ = {
			isa = PBXGroup;
			children = (
				9253043D15D642B400BC7FEF /* searchfield.png */,
				9263F49B15D62C2A00B9B4A5 /* headerbg.png */,
				92EBF34E15C5C0990085C47E /* bg.png */,
				92EBF34415C5B8A30085C47E /* mapgraphic.png */,
				925AE90515C4A077008840D9 /* lines.jpg */,
				9263F49D15D62EA500B9B4A5 /* loginbg.png */,
			);
			name = Backgrounds;
			sourceTree = "<group>";
		};
		9282BF1F15D0E2AE0065984F /* Buttons */ = {
			isa = PBXGroup;
			children = (
				9282BF2015D0E33C0065984F /* Search Bar */,
				92EBF33715C59FC80085C47E /* backbtn.jpg */,
				92EBF34C15C5C04B0085C47E /* backactive.png */,
				9263F49315D6209100B9B4A5 /* fullscreenglow.png */,
				9263F49415D6209100B9B4A5 /* minimizeglow.png */,
				9263F49715D6209E00B9B4A5 /* fullscreen.png */,
				9263F49815D6209E00B9B4A5 /* minimize.png */,
				9263F49F15D62F3E00B9B4A5 /* facebook.png */,
			);
			name = Buttons;
			sourceTree = "<group>";
		};
		9282BF2015D0E33C0065984F /* Search Bar */ = {
			isa = PBXGroup;
			children = (
				9263F47515D5F70300B9B4A5 /* clubsbtn.png */,
				9263F47D15D5F70300B9B4A5 /* clubsbtn2.png */,
				9263F47815D5F70300B9B4A5 /* clubsbtn3.png */,
				9263F48015D5F70300B9B4A5 /* foodbtn.png */,
				9263F47C15D5F70300B9B4A5 /* foodbtn2.png */,
				9263F47715D5F70300B9B4A5 /* foodbtn3.png */,
				9263F47615D5F70300B9B4A5 /* cafebtn.png */,
				9263F47E15D5F70300B9B4A5 /* cafebtn2.png */,
				9263F47915D5F70300B9B4A5 /* cafebtn3.png */,
				9263F48115D5F70300B9B4A5 /* barsbtn.png */,
				9263F47F15D5F70300B9B4A5 /* barsbtn2.png */,
				9263F47A15D5F70300B9B4A5 /* barsbtn3.png */,
				9263F48215D5F70300B9B4A5 /* searchbtn.png */,
				9263F48315D5F70300B9B4A5 /* searchbtn2.png */,
				9263F47B15D5F70300B9B4A5 /* searchbtn3.png */,
				92A19A8915D3946D00B28279 /* headerlogoandbg.png */,
				9253044015D643CF00BC7FEF /* cancel.png */,
				9253044115D643CF00BC7FEF /* cancelpress.png */,
			);
			name = "Search Bar";
			sourceTree = "<group>";
		};
		9282BF4115D0EA030065984F /* Map Components */ = {
			isa = PBXGroup;
			children = (
				9282BF4215D0EA2E0065984F /* GeofenceRegion.h */,
				9282BF4315D0EA2E0065984F /* GeofenceRegion.m */,
				92A19A7715D24ED300B28279 /* RadiiPinView.h */,
				92A19A7815D24ED300B28279 /* RadiiPinView.m */,
			);
			name = "Map Components";
			sourceTree = "<group>";
		};
		92A19A7B15D2504500B28279 /* Pins */ = {
			isa = PBXGroup;
			children = (
				92A19A9315D41EC400B28279 /* me_pin.png */,
				92A19A8B15D39B4E00B28279 /* bars_pin.png */,
				92A19A8C15D39B4E00B28279 /* cafe_pin.png */,
				92A19A8D15D39B4E00B28279 /* club_pin.png */,
				92A19A8E15D39B4E00B28279 /* food_pin.png */,
			);
			name = Pins;
			sourceTree = "<group>";
		};
		92EBF30315C593FB0085C47E /* JSON */ = {
			isa = PBXGroup;
			children = (
				92EBF30415C593FB0085C47E /* NSObject+SBJson.h */,
				92EBF30515C593FB0085C47E /* NSObject+SBJson.m */,
				92EBF30615C593FB0085C47E /* SBJson.h */,
				92EBF30715C593FB0085C47E /* SBJsonParser.h */,
				92EBF30815C593FB0085C47E /* SBJsonParser.m */,
				92EBF30915C593FB0085C47E /* SBJsonStreamParser.h */,
				92EBF30A15C593FB0085C47E /* SBJsonStreamParser.m */,
				92EBF30B15C593FB0085C47E /* SBJsonStreamParserAccumulator.h */,
				92EBF30C15C593FB0085C47E /* SBJsonStreamParserAccumulator.m */,
				92EBF30D15C593FB0085C47E /* SBJsonStreamParserAdapter.h */,
				92EBF30E15C593FB0085C47E /* SBJsonStreamParserAdapter.m */,
				92EBF30F15C593FB0085C47E /* SBJsonStreamParserState.h */,
				92EBF31015C593FB0085C47E /* SBJsonStreamParserState.m */,
				92EBF31115C593FB0085C47E /* SBJsonStreamWriter.h */,
				92EBF31215C593FB0085C47E /* SBJsonStreamWriter.m */,
				92EBF31315C593FB0085C47E /* SBJsonStreamWriterAccumulator.h */,
				92EBF31415C593FB0085C47E /* SBJsonStreamWriterAccumulator.m */,
				92EBF31515C593FB0085C47E /* SBJsonStreamWriterState.h */,
				92EBF31615C593FB0085C47E /* SBJsonStreamWriterState.m */,
				92EBF31715C593FB0085C47E /* SBJsonTokeniser.h */,
				92EBF31815C593FB0085C47E /* SBJsonTokeniser.m */,
				92EBF31915C593FB0085C47E /* SBJsonUTF8Stream.h */,
				92EBF31A15C593FB0085C47E /* SBJsonUTF8Stream.m */,
				92EBF31B15C593FB0085C47E /* SBJsonWriter.h */,
				92EBF31C15C593FB0085C47E /* SBJsonWriter.m */,
			);
			path = JSON;
			sourceTree = "<group>";
		};
		92EC3E4715C7AF910025E56C /* UI */ = {
			isa = PBXGroup;
			children = (
				9282BF4115D0EA030065984F /* Map Components */,
				925AE8C215C49075008840D9 /* LoginViewController.h */,
				925AE8C315C49075008840D9 /* LoginViewController.m */,
				925AE8C415C49075008840D9 /* LoginViewController.xib */,
				92EC3E3D15C7A5DB0025E56C /* MapViewController.h */,
				92EC3E3E15C7A5DB0025E56C /* MapViewController.m */,
				92EC3E3F15C7A5DB0025E56C /* MapViewController.xib */,
				9253044A15D73C6C00BC7FEF /* Search View */,
				924FB9B515CAEAEF00E9E7C3 /* DetailView.h */,
				924FB9B615CAEAEF00E9E7C3 /* DetailView.m */,
				9253044815D7007E00BC7FEF /* DetailView.xib */,
				92EBF32E15C5992D0085C47E /* TDBadgedCell.h */,
				92EBF32F15C5992E0085C47E /* TDBadgedCell.m */,
				921E91D415CC3D360033C8B1 /* SideBar.h */,
				921E91D515CC3D360033C8B1 /* SideBar.m */,
			);
			name = UI;
			sourceTree = "<group>";
		};
		92EC3E4815C7AFB10025E56C /* Backend */ = {
			isa = PBXGroup;
			children = (
				92F0038515C46A7D00BE46C5 /* DataModel.h */,
				92F0038615C46A7D00BE46C5 /* DataModel.m */,
				92D8511715C5BEAD00579B05 /* GeofenceLocation.h */,
				92D8511815C5BEAD00579B05 /* GeofenceLocation.m */,
				D31363F715C4E6DE0071BED3 /* ServiceAdapter.h */,
				D31363F815C4E6DE0071BED3 /* ServiceAdapter.m */,
				9296F5AC15CF5BBF0091A692 /* ServerKeys.h */,
				926FEAF715CB99510053FD1D /* RadiiResultDTO.h */,
				926FEAF815CB99510053FD1D /* RadiiResultDTO.m */,
			);
			name = Backend;
			sourceTree = "<group>";
		};
		92FBED3915C3A85F000D1AE3 = {
			isa = PBXGroup;
			children = (
				92FBED4E15C3A85F000D1AE3 /* LikeMindedPeople */,
				92FBED6615C3A85F000D1AE3 /* LikeMindedPeopleTests */,
				92FBED4715C3A85F000D1AE3 /* Frameworks */,
				92FBED4515C3A85F000D1AE3 /* Products */,
			);
			sourceTree = "<group>";
		};
		92FBED4515C3A85F000D1AE3 /* Products */ = {
			isa = PBXGroup;
			children = (
				92FBED4415C3A85F000D1AE3 /* LikeMindedPeople.app */,
				92FBED5F15C3A85F000D1AE3 /* LikeMindedPeopleTests.octest */,
			);
			name = Products;
			sourceTree = "<group>";
		};
		92FBED4715C3A85F000D1AE3 /* Frameworks */ = {
			isa = PBXGroup;
			children = (
				92EBF33515C59B2D0085C47E /* QuartzCore.framework */,
				925AE80B15C43F7D008840D9 /* MapKit.framework */,
				925AE7C115C43212008840D9 /* context-beta-ios-sdk */,
				925AE7AC15C430F2008840D9 /* UIKit.framework */,
				925AE7AD15C430F2008840D9 /* Foundation.framework */,
				925AE7AE15C430F2008840D9 /* CoreGraphics.framework */,
				925AE7AF15C430F2008840D9 /* CoreLocation.framework */,
				925AE7B015C430F2008840D9 /* MapKit.framework */,
				925AE7B115C430F2008840D9 /* CoreData.framework */,
				925AE7B215C430F2008840D9 /* Security.framework */,
			);
			name = Frameworks;
			sourceTree = "<group>";
		};
		92FBED4E15C3A85F000D1AE3 /* LikeMindedPeople */ = {
			isa = PBXGroup;
			children = (
				92FBED5715C3A85F000D1AE3 /* AppDelegate.h */,
				92FBED5815C3A85F000D1AE3 /* AppDelegate.m */,
				92EC3E4715C7AF910025E56C /* UI */,
				92EC3E4815C7AFB10025E56C /* Backend */,
				92EBF30315C593FB0085C47E /* JSON */,
				D31363FB15C4E72F0071BED3 /* AFNetworking */,
				D31363A915C494510071BED3 /* facebook-ios-sdk */,
				D31363BC15C494590071BED3 /* facebook-hack */,
				92FBED4F15C3A85F000D1AE3 /* Supporting Files */,
			);
			path = LikeMindedPeople;
			sourceTree = "<group>";
		};
		92FBED4F15C3A85F000D1AE3 /* Supporting Files */ = {
			isa = PBXGroup;
			children = (
				925F9FDF15C5CE650081E098 /* 114icon.png */,
				925F9FDD15C5CE630081E098 /* 57icon.png */,
				925AE8AD15C476E4008840D9 /* Resources */,
				925AE86E15C45924008840D9 /* UserContext.plist */,
				92FBED5015C3A85F000D1AE3 /* LikeMindedPeople-Info.plist */,
				92FBED5115C3A85F000D1AE3 /* InfoPlist.strings */,
				92FBED5415C3A85F000D1AE3 /* main.m */,
				92FBED5615C3A85F000D1AE3 /* LikeMindedPeople-Prefix.pch */,
			);
			name = "Supporting Files";
			sourceTree = "<group>";
		};
		92FBED6615C3A85F000D1AE3 /* LikeMindedPeopleTests */ = {
			isa = PBXGroup;
			children = (
				92FBED6C15C3A85F000D1AE3 /* LikeMindedPeopleTests.h */,
				92FBED6D15C3A85F000D1AE3 /* LikeMindedPeopleTests.m */,
				92FBED6715C3A85F000D1AE3 /* Supporting Files */,
			);
			path = LikeMindedPeopleTests;
			sourceTree = "<group>";
		};
		92FBED6715C3A85F000D1AE3 /* Supporting Files */ = {
			isa = PBXGroup;
			children = (
				92FBED6815C3A85F000D1AE3 /* LikeMindedPeopleTests-Info.plist */,
				92FBED6915C3A85F000D1AE3 /* InfoPlist.strings */,
			);
			name = "Supporting Files";
			sourceTree = "<group>";
		};
		D31363A915C494510071BED3 /* facebook-ios-sdk */ = {
			isa = PBXGroup;
			children = (
				D31363AA15C494510071BED3 /* Facebook.h */,
				D31363AB15C494510071BED3 /* FBConnect.h */,
				D31363AC15C494510071BED3 /* FBDialog.bundle */,
				D31363AD15C494510071BED3 /* FBDialog.h */,
				D31363AE15C494510071BED3 /* FBFrictionlessRequestSettings.h */,
				D31363AF15C494510071BED3 /* FBLoginDialog.h */,
				D31363B015C494510071BED3 /* FBRequest.h */,
				D31363B115C494510071BED3 /* JSON.h */,
				D31363B215C494510071BED3 /* libfacebook_ios_sdk.a */,
				D31363B315C494510071BED3 /* NSObject+SBJSON.h */,
				D31363B415C494510071BED3 /* NSString+SBJSON.h */,
				D31363B515C494510071BED3 /* SBJSON.h */,
				D31363B615C494510071BED3 /* SBJsonBase.h */,
				D31363B715C494510071BED3 /* SBJsonParser.h */,
				D31363B815C494510071BED3 /* SBJsonWriter.h */,
			);
			path = "facebook-ios-sdk";
			sourceTree = "<group>";
		};
		D31363BC15C494590071BED3 /* facebook-hack */ = {
			isa = PBXGroup;
			children = (
				D31363C015C494870071BED3 /* NSObject+DTRuntime.h */,
				D31363C115C494870071BED3 /* NSObject+DTRuntime.m */,
				D31363BD15C4947E0071BED3 /* Facebook+iCatalog.h */,
				D31363BE15C4947E0071BED3 /* Facebook+iCatalog.m */,
			);
			name = "facebook-hack";
			sourceTree = "<group>";
		};
		D31363FB15C4E72F0071BED3 /* AFNetworking */ = {
			isa = PBXGroup;
			children = (
				D31363FC15C4E72F0071BED3 /* AFHTTPClient.h */,
				D31363FD15C4E72F0071BED3 /* AFHTTPClient.m */,
				D31363FE15C4E72F0071BED3 /* AFHTTPRequestOperation.h */,
				D31363FF15C4E72F0071BED3 /* AFHTTPRequestOperation.m */,
				D313640015C4E72F0071BED3 /* AFImageRequestOperation.h */,
				D313640115C4E72F0071BED3 /* AFImageRequestOperation.m */,
				D313640215C4E72F0071BED3 /* AFJSONRequestOperation.h */,
				D313640315C4E72F0071BED3 /* AFJSONRequestOperation.m */,
				D313640415C4E72F0071BED3 /* AFJSONUtilities.h */,
				D313640515C4E72F0071BED3 /* AFJSONUtilities.m */,
				D313640615C4E72F0071BED3 /* AFNetworkActivityIndicatorManager.h */,
				D313640715C4E72F0071BED3 /* AFNetworkActivityIndicatorManager.m */,
				D313640815C4E72F0071BED3 /* AFNetworking.h */,
				D313640915C4E72F0071BED3 /* AFPropertyListRequestOperation.h */,
				D313640A15C4E72F0071BED3 /* AFPropertyListRequestOperation.m */,
				D313640B15C4E72F0071BED3 /* AFURLConnectionOperation.h */,
				D313640C15C4E72F0071BED3 /* AFURLConnectionOperation.m */,
				D313640D15C4E72F0071BED3 /* AFXMLRequestOperation.h */,
				D313640E15C4E72F0071BED3 /* AFXMLRequestOperation.m */,
				D313640F15C4E72F0071BED3 /* UIImageView+AFNetworking.h */,
				D313641015C4E72F0071BED3 /* UIImageView+AFNetworking.m */,
			);
			path = AFNetworking;
			sourceTree = "<group>";
		};
/* End PBXGroup section */

/* Begin PBXNativeTarget section */
		92FBED4315C3A85F000D1AE3 /* LikeMindedPeople */ = {
			isa = PBXNativeTarget;
			buildConfigurationList = 92FBED7115C3A85F000D1AE3 /* Build configuration list for PBXNativeTarget "LikeMindedPeople" */;
			buildPhases = (
				92FBED4015C3A85F000D1AE3 /* Sources */,
				92FBED4115C3A85F000D1AE3 /* Frameworks */,
				92FBED4215C3A85F000D1AE3 /* Resources */,
			);
			buildRules = (
			);
			dependencies = (
			);
			name = LikeMindedPeople;
			productName = LikeMindedPeople;
			productReference = 92FBED4415C3A85F000D1AE3 /* LikeMindedPeople.app */;
			productType = "com.apple.product-type.application";
		};
		92FBED5E15C3A85F000D1AE3 /* LikeMindedPeopleTests */ = {
			isa = PBXNativeTarget;
			buildConfigurationList = 92FBED7415C3A85F000D1AE3 /* Build configuration list for PBXNativeTarget "LikeMindedPeopleTests" */;
			buildPhases = (
				92FBED5A15C3A85F000D1AE3 /* Sources */,
				92FBED5B15C3A85F000D1AE3 /* Frameworks */,
				92FBED5C15C3A85F000D1AE3 /* Resources */,
				92FBED5D15C3A85F000D1AE3 /* ShellScript */,
			);
			buildRules = (
			);
			dependencies = (
				92FBED6515C3A85F000D1AE3 /* PBXTargetDependency */,
			);
			name = LikeMindedPeopleTests;
			productName = LikeMindedPeopleTests;
			productReference = 92FBED5F15C3A85F000D1AE3 /* LikeMindedPeopleTests.octest */;
			productType = "com.apple.product-type.bundle";
		};
/* End PBXNativeTarget section */

/* Begin PBXProject section */
		92FBED3B15C3A85F000D1AE3 /* Project object */ = {
			isa = PBXProject;
			attributes = {
				LastUpgradeCheck = 0430;
			};
			buildConfigurationList = 92FBED3E15C3A85F000D1AE3 /* Build configuration list for PBXProject "LikeMindedPeople" */;
			compatibilityVersion = "Xcode 3.2";
			developmentRegion = English;
			hasScannedForEncodings = 0;
			knownRegions = (
				en,
			);
			mainGroup = 92FBED3915C3A85F000D1AE3;
			productRefGroup = 92FBED4515C3A85F000D1AE3 /* Products */;
			projectDirPath = "";
			projectRoot = "";
			targets = (
				92FBED4315C3A85F000D1AE3 /* LikeMindedPeople */,
				92FBED5E15C3A85F000D1AE3 /* LikeMindedPeopleTests */,
			);
		};
/* End PBXProject section */

/* Begin PBXResourcesBuildPhase section */
		92FBED4215C3A85F000D1AE3 /* Resources */ = {
			isa = PBXResourcesBuildPhase;
			buildActionMask = 2147483647;
			files = (
				92FBED5315C3A85F000D1AE3 /* InfoPlist.strings in Resources */,
				925AE7F915C43213008840D9 /* ContentModel.mom in Resources */,
				925AE7FA15C43213008840D9 /* ContentModel.omo in Resources */,
				925AE7FB15C43213008840D9 /* VersionInfo.plist in Resources */,
				925AE7FC15C43213008840D9 /* PlaceOfRelevanceModel.mom in Resources */,
				925AE7FD15C43213008840D9 /* PlaceOfRelevanceModel.omo in Resources */,
				925AE7FE15C43213008840D9 /* VersionInfo.plist in Resources */,
				925AE7FF15C43213008840D9 /* Repository.mom in Resources */,
				925AE80015C43213008840D9 /* Repository.omo in Resources */,
				925AE80115C43213008840D9 /* VersionInfo.plist in Resources */,
				925AE80315C43213008840D9 /* rules.txt in Resources */,
				925AE86F15C45924008840D9 /* UserContext.plist in Resources */,
				D31363B915C494510071BED3 /* FBDialog.bundle in Resources */,
				925AE8C615C49075008840D9 /* LoginViewController.xib in Resources */,
				925AE90615C4A077008840D9 /* lines.jpg in Resources */,
				92EBF33815C59FC80085C47E /* backbtn.jpg in Resources */,
				92EBF34515C5B8A30085C47E /* mapgraphic.png in Resources */,
				92EBF34D15C5C04B0085C47E /* backactive.png in Resources */,
				92EBF34F15C5C0990085C47E /* bg.png in Resources */,
				925F9FDE15C5CE630081E098 /* 57icon.png in Resources */,
				925F9FE015C5CE650081E098 /* 114icon.png in Resources */,
				92EC3E4115C7A5DB0025E56C /* MapViewController.xib in Resources */,
				92A19A8A15D3946D00B28279 /* headerlogoandbg.png in Resources */,
				92A19A8F15D39B4E00B28279 /* bars_pin.png in Resources */,
				92A19A9015D39B4E00B28279 /* cafe_pin.png in Resources */,
				92A19A9115D39B4E00B28279 /* club_pin.png in Resources */,
				92A19A9215D39B4E00B28279 /* food_pin.png in Resources */,
				92A19A9415D41EC400B28279 /* me_pin.png in Resources */,
				9263F48415D5F70300B9B4A5 /* clubsbtn.png in Resources */,
				9263F48515D5F70300B9B4A5 /* cafebtn.png in Resources */,
				9263F48615D5F70300B9B4A5 /* foodbtn3.png in Resources */,
				9263F48715D5F70300B9B4A5 /* clubsbtn3.png in Resources */,
				9263F48815D5F70300B9B4A5 /* cafebtn3.png in Resources */,
				9263F48915D5F70300B9B4A5 /* barsbtn3.png in Resources */,
				9263F48A15D5F70300B9B4A5 /* searchbtn3.png in Resources */,
				9263F48B15D5F70300B9B4A5 /* foodbtn2.png in Resources */,
				9263F48C15D5F70300B9B4A5 /* clubsbtn2.png in Resources */,
				9263F48D15D5F70300B9B4A5 /* cafebtn2.png in Resources */,
				9263F48E15D5F70300B9B4A5 /* barsbtn2.png in Resources */,
				9263F48F15D5F70300B9B4A5 /* foodbtn.png in Resources */,
				9263F49015D5F70300B9B4A5 /* barsbtn.png in Resources */,
				9263F49115D5F70300B9B4A5 /* searchbtn.png in Resources */,
				9263F49215D5F70300B9B4A5 /* searchbtn2.png in Resources */,
				9263F49515D6209100B9B4A5 /* fullscreenglow.png in Resources */,
				9263F49615D6209100B9B4A5 /* minimizeglow.png in Resources */,
				9263F49915D6209E00B9B4A5 /* fullscreen.png in Resources */,
				9263F49A15D6209E00B9B4A5 /* minimize.png in Resources */,
				9263F49C15D62C2A00B9B4A5 /* headerbg.png in Resources */,
				9263F49E15D62EA500B9B4A5 /* loginbg.png in Resources */,
				9263F4A015D62F3E00B9B4A5 /* facebook.png in Resources */,
				9263F4A315D62FA600B9B4A5 /* fblogo.png in Resources */,
				9263F4A515D62FF400B9B4A5 /* loginlogo.png in Resources */,
				9253043E15D642B400BC7FEF /* searchfield.png in Resources */,
				9253044215D643CF00BC7FEF /* cancel.png in Resources */,
				9253044315D643CF00BC7FEF /* cancelpress.png in Resources */,
				9253044715D7006000BC7FEF /* SearchView.xib in Resources */,
				9253044915D7007E00BC7FEF /* DetailView.xib in Resources */,
				9253044C15D73D6900BC7FEF /* SearchBar.xib in Resources */,
			);
			runOnlyForDeploymentPostprocessing = 0;
		};
		92FBED5C15C3A85F000D1AE3 /* Resources */ = {
			isa = PBXResourcesBuildPhase;
			buildActionMask = 2147483647;
			files = (
				92FBED6B15C3A85F000D1AE3 /* InfoPlist.strings in Resources */,
			);
			runOnlyForDeploymentPostprocessing = 0;
		};
/* End PBXResourcesBuildPhase section */

/* Begin PBXShellScriptBuildPhase section */
		92FBED5D15C3A85F000D1AE3 /* ShellScript */ = {
			isa = PBXShellScriptBuildPhase;
			buildActionMask = 2147483647;
			files = (
			);
			inputPaths = (
			);
			outputPaths = (
			);
			runOnlyForDeploymentPostprocessing = 0;
			shellPath = /bin/sh;
			shellScript = "# Run the unit tests in this test bundle.\n\"${SYSTEM_DEVELOPER_DIR}/Tools/RunUnitTests\"\n";
		};
/* End PBXShellScriptBuildPhase section */

/* Begin PBXSourcesBuildPhase section */
		92FBED4015C3A85F000D1AE3 /* Sources */ = {
			isa = PBXSourcesBuildPhase;
			buildActionMask = 2147483647;
			files = (
				92FBED5515C3A85F000D1AE3 /* main.m in Sources */,
				92FBED5915C3A85F000D1AE3 /* AppDelegate.m in Sources */,
				92F0038715C46A7D00BE46C5 /* DataModel.m in Sources */,
				D31363BF15C4947E0071BED3 /* Facebook+iCatalog.m in Sources */,
				D31363C215C494870071BED3 /* NSObject+DTRuntime.m in Sources */,
				925AE8C515C49075008840D9 /* LoginViewController.m in Sources */,
				D31363F915C4E6DE0071BED3 /* ServiceAdapter.m in Sources */,
				D313641115C4E7300071BED3 /* AFHTTPClient.m in Sources */,
				D313641215C4E7300071BED3 /* AFHTTPRequestOperation.m in Sources */,
				D313641315C4E7300071BED3 /* AFImageRequestOperation.m in Sources */,
				D313641415C4E7300071BED3 /* AFJSONRequestOperation.m in Sources */,
				D313641515C4E7300071BED3 /* AFJSONUtilities.m in Sources */,
				D313641615C4E7300071BED3 /* AFNetworkActivityIndicatorManager.m in Sources */,
				D313641715C4E7300071BED3 /* AFPropertyListRequestOperation.m in Sources */,
				D313641815C4E7300071BED3 /* AFURLConnectionOperation.m in Sources */,
				D313641915C4E7300071BED3 /* AFXMLRequestOperation.m in Sources */,
				D313641A15C4E7300071BED3 /* UIImageView+AFNetworking.m in Sources */,
				92D8511915C5BEAD00579B05 /* GeofenceLocation.m in Sources */,
				92EBF31F15C593FB0085C47E /* NSObject+SBJson.m in Sources */,
				92EBF32015C593FB0085C47E /* SBJsonParser.m in Sources */,
				92EBF32115C593FB0085C47E /* SBJsonStreamParser.m in Sources */,
				92EBF32215C593FB0085C47E /* SBJsonStreamParserAccumulator.m in Sources */,
				92EBF32315C593FB0085C47E /* SBJsonStreamParserAdapter.m in Sources */,
				92EBF32415C593FB0085C47E /* SBJsonStreamParserState.m in Sources */,
				92EBF32515C593FB0085C47E /* SBJsonStreamWriter.m in Sources */,
				92EBF32615C593FB0085C47E /* SBJsonStreamWriterAccumulator.m in Sources */,
				92EBF32715C593FB0085C47E /* SBJsonStreamWriterState.m in Sources */,
				92EBF32815C593FB0085C47E /* SBJsonTokeniser.m in Sources */,
				92EBF32915C593FB0085C47E /* SBJsonUTF8Stream.m in Sources */,
				92EBF32A15C593FB0085C47E /* SBJsonWriter.m in Sources */,
				92EBF33015C5992E0085C47E /* TDBadgedCell.m in Sources */,
				92EC3E4015C7A5DB0025E56C /* MapViewController.m in Sources */,
				9290AE8615C837B800E91D61 /* SearchBar.m in Sources */,
				9290AE8A15C84C1600E91D61 /* SearchView.m in Sources */,
				924FB9B715CAEAEF00E9E7C3 /* DetailView.m in Sources */,
				926FEAF915CB99510053FD1D /* RadiiResultDTO.m in Sources */,
				921E91D615CC3D360033C8B1 /* SideBar.m in Sources */,
				9282BF4415D0EA2E0065984F /* GeofenceRegion.m in Sources */,
				92A19A7915D24ED300B28279 /* RadiiPinView.m in Sources */,
			);
			runOnlyForDeploymentPostprocessing = 0;
		};
		92FBED5A15C3A85F000D1AE3 /* Sources */ = {
			isa = PBXSourcesBuildPhase;
			buildActionMask = 2147483647;
			files = (
				92FBED6E15C3A85F000D1AE3 /* LikeMindedPeopleTests.m in Sources */,
			);
			runOnlyForDeploymentPostprocessing = 0;
		};
/* End PBXSourcesBuildPhase section */

/* Begin PBXTargetDependency section */
		92FBED6515C3A85F000D1AE3 /* PBXTargetDependency */ = {
			isa = PBXTargetDependency;
			target = 92FBED4315C3A85F000D1AE3 /* LikeMindedPeople */;
			targetProxy = 92FBED6415C3A85F000D1AE3 /* PBXContainerItemProxy */;
		};
/* End PBXTargetDependency section */

/* Begin PBXVariantGroup section */
		92FBED5115C3A85F000D1AE3 /* InfoPlist.strings */ = {
			isa = PBXVariantGroup;
			children = (
				92FBED5215C3A85F000D1AE3 /* en */,
			);
			name = InfoPlist.strings;
			sourceTree = "<group>";
		};
		92FBED6915C3A85F000D1AE3 /* InfoPlist.strings */ = {
			isa = PBXVariantGroup;
			children = (
				92FBED6A15C3A85F000D1AE3 /* en */,
			);
			name = InfoPlist.strings;
			sourceTree = "<group>";
		};
/* End PBXVariantGroup section */

/* Begin XCBuildConfiguration section */
		92FBED6F15C3A85F000D1AE3 /* Debug */ = {
			isa = XCBuildConfiguration;
			buildSettings = {
				ALWAYS_SEARCH_USER_PATHS = NO;
				ARCHS = "$(ARCHS_STANDARD_32_BIT)";
				CLANG_ENABLE_OBJC_ARC = YES;
				"CODE_SIGN_IDENTITY[sdk=iphoneos*]" = "iPhone Developer";
				COPY_PHASE_STRIP = NO;
				GCC_C_LANGUAGE_STANDARD = gnu99;
				GCC_DYNAMIC_NO_PIC = NO;
				GCC_OPTIMIZATION_LEVEL = 0;
				GCC_PREPROCESSOR_DEFINITIONS = (
					"DEBUG=1",
					"$(inherited)",
				);
				GCC_SYMBOLS_PRIVATE_EXTERN = NO;
				GCC_VERSION = com.apple.compilers.llvm.clang.1_0;
				GCC_WARN_ABOUT_RETURN_TYPE = YES;
				GCC_WARN_UNINITIALIZED_AUTOS = YES;
				GCC_WARN_UNUSED_VARIABLE = YES;
				IPHONEOS_DEPLOYMENT_TARGET = 5.1;
				SDKROOT = iphoneos;
			};
			name = Debug;
		};
		92FBED7015C3A85F000D1AE3 /* Release */ = {
			isa = XCBuildConfiguration;
			buildSettings = {
				ALWAYS_SEARCH_USER_PATHS = NO;
				ARCHS = "$(ARCHS_STANDARD_32_BIT)";
				CLANG_ENABLE_OBJC_ARC = YES;
				"CODE_SIGN_IDENTITY[sdk=iphoneos*]" = "iPhone Distribution";
				COPY_PHASE_STRIP = YES;
				GCC_C_LANGUAGE_STANDARD = gnu99;
				GCC_VERSION = com.apple.compilers.llvm.clang.1_0;
				GCC_WARN_ABOUT_RETURN_TYPE = YES;
				GCC_WARN_UNINITIALIZED_AUTOS = YES;
				GCC_WARN_UNUSED_VARIABLE = YES;
				IPHONEOS_DEPLOYMENT_TARGET = 5.1;
				OTHER_CFLAGS = "-DNS_BLOCK_ASSERTIONS=1";
				"PROVISIONING_PROFILE[sdk=iphoneos*]" = "";
				SDKROOT = iphoneos;
				VALIDATE_PRODUCT = YES;
			};
			name = Release;
		};
		92FBED7215C3A85F000D1AE3 /* Debug */ = {
			isa = XCBuildConfiguration;
			buildSettings = {
				CODE_SIGN_IDENTITY = "Shaun Dowling";
				"CODE_SIGN_IDENTITY[sdk=iphoneos*]" = "iPhone Developer: Shaun Dowling (T55NFAFBA2)";
				DYLIB_COMPATIBILITY_VERSION = admin;
				FRAMEWORK_SEARCH_PATHS = (
					"$(inherited)",
					"\"$(SRCROOT)/Common.embeddedframework\"",
					"\"$(SRCROOT)/ContextCore.embeddedframework\"",
					"\"$(SRCROOT)/ContextIR.embeddedframework\"",
					"\"$(SRCROOT)/ContextLocation.embeddedframework\"",
					"\"$(SRCROOT)/ContextProfiling.embeddedframework\"",
					"\"$(SRCROOT)/NetworkServices.embeddedframework\"",
					"\"$(SRCROOT)/../Codes/Qualcomm/gimbal/GimbalIOSSDK/context-beta-ios-sdk/ContextProfiling.embeddedframework\"",
					"\"$(SRCROOT)/context-beta-ios-sdk/Common.embeddedframework\"",
					"\"$(SRCROOT)/context-beta-ios-sdk/ContextCore.embeddedframework\"",
					"\"$(SRCROOT)/context-beta-ios-sdk/ContextIR.embeddedframework\"",
					"\"$(SRCROOT)/context-beta-ios-sdk/ContextLocation.embeddedframework\"",
					"\"$(SRCROOT)/context-beta-ios-sdk/ContextProfiling.embeddedframework\"",
					"\"$(SRCROOT)/context-beta-ios-sdk/NetworkServices.embeddedframework\"",
				);
				GCC_PRECOMPILE_PREFIX_HEADER = YES;
				GCC_PREFIX_HEADER = "LikeMindedPeople/LikeMindedPeople-Prefix.pch";
				INFOPLIST_FILE = "LikeMindedPeople/LikeMindedPeople-Info.plist";
				INSTALL_GROUP = admin;
				LIBRARY_SEARCH_PATHS = (
					"$(inherited)",
					"\"$(SRCROOT)/LikeMindedPeople/facebook-ios-sdk\"",
				);
				PRODUCT_NAME = LikeMindedPeople;
				SKIP_INSTALL = NO;
				WRAPPER_EXTENSION = app;
			};
			name = Debug;
		};
		92FBED7315C3A85F000D1AE3 /* Release */ = {
			isa = XCBuildConfiguration;
			buildSettings = {
				"CODE_SIGN_IDENTITY[sdk=iphoneos*]" = "iPhone Distribution: Shaun Dowling";
				DYLIB_COMPATIBILITY_VERSION = admin;
				FRAMEWORK_SEARCH_PATHS = (
					"$(inherited)",
					"\"$(SRCROOT)/Common.embeddedframework\"",
					"\"$(SRCROOT)/ContextCore.embeddedframework\"",
					"\"$(SRCROOT)/ContextIR.embeddedframework\"",
					"\"$(SRCROOT)/ContextLocation.embeddedframework\"",
					"\"$(SRCROOT)/ContextProfiling.embeddedframework\"",
					"\"$(SRCROOT)/NetworkServices.embeddedframework\"",
					"\"$(SRCROOT)/../Codes/Qualcomm/gimbal/GimbalIOSSDK/context-beta-ios-sdk/ContextProfiling.embeddedframework\"",
					"\"$(SRCROOT)/context-beta-ios-sdk/Common.embeddedframework\"",
					"\"$(SRCROOT)/context-beta-ios-sdk/ContextCore.embeddedframework\"",
					"\"$(SRCROOT)/context-beta-ios-sdk/ContextIR.embeddedframework\"",
					"\"$(SRCROOT)/context-beta-ios-sdk/ContextLocation.embeddedframework\"",
					"\"$(SRCROOT)/context-beta-ios-sdk/ContextProfiling.embeddedframework\"",
					"\"$(SRCROOT)/context-beta-ios-sdk/NetworkServices.embeddedframework\"",
				);
				GCC_PRECOMPILE_PREFIX_HEADER = YES;
				GCC_PREFIX_HEADER = "LikeMindedPeople/LikeMindedPeople-Prefix.pch";
				INFOPLIST_FILE = "LikeMindedPeople/LikeMindedPeople-Info.plist";
				INSTALL_GROUP = admin;
				LIBRARY_SEARCH_PATHS = (
					"$(inherited)",
					"\"$(SRCROOT)/LikeMindedPeople/facebook-ios-sdk\"",
				);
				PRODUCT_NAME = "$(TARGET_NAME)";
				SKIP_INSTALL = NO;
				WRAPPER_EXTENSION = app;
			};
			name = Release;
		};
		92FBED7515C3A85F000D1AE3 /* Debug */ = {
			isa = XCBuildConfiguration;
			buildSettings = {
				BUNDLE_LOADER = "$(BUILT_PRODUCTS_DIR)/LikeMindedPeople.app/LikeMindedPeople";
				FRAMEWORK_SEARCH_PATHS = (
					"$(SDKROOT)/Developer/Library/Frameworks",
					"$(DEVELOPER_LIBRARY_DIR)/Frameworks",
				);
				GCC_PRECOMPILE_PREFIX_HEADER = YES;
				GCC_PREFIX_HEADER = "LikeMindedPeople/LikeMindedPeople-Prefix.pch";
				INFOPLIST_FILE = "LikeMindedPeopleTests/LikeMindedPeopleTests-Info.plist";
				PRODUCT_NAME = "$(TARGET_NAME)";
				TEST_HOST = "$(BUNDLE_LOADER)";
				WRAPPER_EXTENSION = octest;
			};
			name = Debug;
		};
		92FBED7615C3A85F000D1AE3 /* Release */ = {
			isa = XCBuildConfiguration;
			buildSettings = {
				BUNDLE_LOADER = "$(BUILT_PRODUCTS_DIR)/LikeMindedPeople.app/LikeMindedPeople";
				FRAMEWORK_SEARCH_PATHS = (
					"$(SDKROOT)/Developer/Library/Frameworks",
					"$(DEVELOPER_LIBRARY_DIR)/Frameworks",
				);
				GCC_PRECOMPILE_PREFIX_HEADER = YES;
				GCC_PREFIX_HEADER = "LikeMindedPeople/LikeMindedPeople-Prefix.pch";
				INFOPLIST_FILE = "LikeMindedPeopleTests/LikeMindedPeopleTests-Info.plist";
				PRODUCT_NAME = "$(TARGET_NAME)";
				TEST_HOST = "$(BUNDLE_LOADER)";
				WRAPPER_EXTENSION = octest;
			};
			name = Release;
		};
/* End XCBuildConfiguration section */

/* Begin XCConfigurationList section */
		92FBED3E15C3A85F000D1AE3 /* Build configuration list for PBXProject "LikeMindedPeople" */ = {
			isa = XCConfigurationList;
			buildConfigurations = (
				92FBED6F15C3A85F000D1AE3 /* Debug */,
				92FBED7015C3A85F000D1AE3 /* Release */,
			);
			defaultConfigurationIsVisible = 0;
			defaultConfigurationName = Release;
		};
		92FBED7115C3A85F000D1AE3 /* Build configuration list for PBXNativeTarget "LikeMindedPeople" */ = {
			isa = XCConfigurationList;
			buildConfigurations = (
				92FBED7215C3A85F000D1AE3 /* Debug */,
				92FBED7315C3A85F000D1AE3 /* Release */,
			);
			defaultConfigurationIsVisible = 0;
			defaultConfigurationName = Release;
		};
		92FBED7415C3A85F000D1AE3 /* Build configuration list for PBXNativeTarget "LikeMindedPeopleTests" */ = {
			isa = XCConfigurationList;
			buildConfigurations = (
				92FBED7515C3A85F000D1AE3 /* Debug */,
				92FBED7615C3A85F000D1AE3 /* Release */,
			);
			defaultConfigurationIsVisible = 0;
			defaultConfigurationName = Release;
		};
/* End XCConfigurationList section */
	};
	rootObject = 92FBED3B15C3A85F000D1AE3 /* Project object */;
}
